Microsoft Visual Studio Solution File, Format Version 11.00
# Visual Studio 2010
Project("{8BC9CEB8-8B4A-11D0-8D11-00A0C91BC942}") = "prep", "ioto-windows-default\prep.vcxproj", "{53D843C7-D1A9-47C4-AECA-91FB7CF84E12}"
	ProjectSection(ProjectDependencies) = postProject
		{53D843C7-D1A9-47C4-AECA-91FB7CF84E12} = {53D843C7-D1A9-47C4-AECA-91FB7CF84E12}
	EndProjectSection
EndProject
Project("{8BC9CEB8-8B4A-11D0-8D11-00A0C91BC942}") = "libioto", "ioto-windows-default\libioto.vcxproj", "{1365245D-E0A9-435E-847B-B47E9DEFC6A2}"
	ProjectSection(ProjectDependencies) = postProject
		{53D843C7-D1A9-47C4-AECA-91FB7CF84E12} = {53D843C7-D1A9-47C4-AECA-91FB7CF84E12}
	EndProjectSection
	ProjectSection(ProjectDependencies) = postProject
		{1365245D-E0A9-435E-847B-B47E9DEFC6A2} = {1365245D-E0A9-435E-847B-B47E9DEFC6A2}
	EndProjectSection
EndProject
Project("{8BC9CEB8-8B4A-11D0-8D11-00A0C91BC942}") = "db", "ioto-windows-default\db.vcxproj", "{E6CAD670-220D-4C1C-8DCC-E40D8B9275DB}"
	ProjectSection(ProjectDependencies) = postProject
		{53D843C7-D1A9-47C4-AECA-91FB7CF84E12} = {53D843C7-D1A9-47C4-AECA-91FB7CF84E12}
	EndProjectSection
	ProjectSection(ProjectDependencies) = postProject
		{1365245D-E0A9-435E-847B-B47E9DEFC6A2} = {1365245D-E0A9-435E-847B-B47E9DEFC6A2}
	EndProjectSection
	ProjectSection(ProjectDependencies) = postProject
		{E6CAD670-220D-4C1C-8DCC-E40D8B9275DB} = {E6CAD670-220D-4C1C-8DCC-E40D8B9275DB}
	EndProjectSection
EndProject
Project("{8BC9CEB8-8B4A-11D0-8D11-00A0C91BC942}") = "ioto", "ioto-windows-default\ioto.vcxproj", "{3FC2A47A-F78D-4D1D-8FC6-5D01E53A5904}"
	ProjectSection(ProjectDependencies) = postProject
		{53D843C7-D1A9-47C4-AECA-91FB7CF84E12} = {53D843C7-D1A9-47C4-AECA-91FB7CF84E12}
	EndProjectSection
	ProjectSection(ProjectDependencies) = postProject
		{1365245D-E0A9-435E-847B-B47E9DEFC6A2} = {1365245D-E0A9-435E-847B-B47E9DEFC6A2}
	EndProjectSection
	ProjectSection(ProjectDependencies) = postProject
		{3FC2A47A-F78D-4D1D-8FC6-5D01E53A5904} = {3FC2A47A-F78D-4D1D-8FC6-5D01E53A5904}
	EndProjectSection
EndProject
Project("{8BC9CEB8-8B4A-11D0-8D11-00A0C91BC942}") = "json", "ioto-windows-default\json.vcxproj", "{E8A2F975-35B0-4B6C-A665-ADA6CE2940C5}"
	ProjectSection(ProjectDependencies) = postProject
		{53D843C7-D1A9-47C4-AECA-91FB7CF84E12} = {53D843C7-D1A9-47C4-AECA-91FB7CF84E12}
	EndProjectSection
	ProjectSection(ProjectDependencies) = postProject
		{1365245D-E0A9-435E-847B-B47E9DEFC6A2} = {1365245D-E0A9-435E-847B-B47E9DEFC6A2}
	EndProjectSection
	ProjectSection(ProjectDependencies) = postProject
		{E8A2F975-35B0-4B6C-A665-ADA6CE2940C5} = {E8A2F975-35B0-4B6C-A665-ADA6CE2940C5}
	EndProjectSection
EndProject
Project("{8BC9CEB8-8B4A-11D0-8D11-00A0C91BC942}") = "password", "ioto-windows-default\password.vcxproj", "{36320831-CC5E-4B84-80BF-1BF60099195B}"
	ProjectSection(ProjectDependencies) = postProject
		{53D843C7-D1A9-47C4-AECA-91FB7CF84E12} = {53D843C7-D1A9-47C4-AECA-91FB7CF84E12}
	EndProjectSection
	ProjectSection(ProjectDependencies) = postProject
		{1365245D-E0A9-435E-847B-B47E9DEFC6A2} = {1365245D-E0A9-435E-847B-B47E9DEFC6A2}
	EndProjectSection
	ProjectSection(ProjectDependencies) = postProject
		{36320831-CC5E-4B84-80BF-1BF60099195B} = {36320831-CC5E-4B84-80BF-1BF60099195B}
	EndProjectSection
EndProject
Project("{8BC9CEB8-8B4A-11D0-8D11-00A0C91BC942}") = "webserver", "ioto-windows-default\webserver.vcxproj", "{037F8FB0-1E21-4B75-B1AC-209EF06D83DA}"
	ProjectSection(ProjectDependencies) = postProject
		{53D843C7-D1A9-47C4-AECA-91FB7CF84E12} = {53D843C7-D1A9-47C4-AECA-91FB7CF84E12}
	EndProjectSection
	ProjectSection(ProjectDependencies) = postProject
		{1365245D-E0A9-435E-847B-B47E9DEFC6A2} = {1365245D-E0A9-435E-847B-B47E9DEFC6A2}
	EndProjectSection
	ProjectSection(ProjectDependencies) = postProject
		{037F8FB0-1E21-4B75-B1AC-209EF06D83DA} = {037F8FB0-1E21-4B75-B1AC-209EF06D83DA}
	EndProjectSection
EndProject

    Global
        GlobalSection(SolutionConfigurationPlatforms) = preSolution
            Debug|Win32 = Debug|Win32
            Debug|x64 = Debug|x64
            Release|Win32 = Release|Win32
            Release|x64 = Release|x64
        EndGlobalSection
        GlobalSection(ProjectConfigurationPlatforms) = postSolution
{53D843C7-D1A9-47C4-AECA-91FB7CF84E12}.Debug|Win32.ActiveCfg = Debug|Win32
{53D843C7-D1A9-47C4-AECA-91FB7CF84E12}.Debug|Win32.Build.0 = Debug|Win32
{53D843C7-D1A9-47C4-AECA-91FB7CF84E12}.Debug|x64.ActiveCfg = Debug|x64
{53D843C7-D1A9-47C4-AECA-91FB7CF84E12}.Debug|x64.Build.0 = Debug|x64
{53D843C7-D1A9-47C4-AECA-91FB7CF84E12}.Release|Win32.ActiveCfg = Release|Win32
{53D843C7-D1A9-47C4-AECA-91FB7CF84E12}.Release|Win32.Build.0 = Release|Win32
{53D843C7-D1A9-47C4-AECA-91FB7CF84E12}.Release|x64.ActiveCfg = Release|x64
{53D843C7-D1A9-47C4-AECA-91FB7CF84E12}.Release|x64.Build.0 = Release|x64
{1365245D-E0A9-435E-847B-B47E9DEFC6A2}.Debug|Win32.ActiveCfg = Debug|Win32
{1365245D-E0A9-435E-847B-B47E9DEFC6A2}.Debug|Win32.Build.0 = Debug|Win32
{1365245D-E0A9-435E-847B-B47E9DEFC6A2}.Debug|x64.ActiveCfg = Debug|x64
{1365245D-E0A9-435E-847B-B47E9DEFC6A2}.Debug|x64.Build.0 = Debug|x64
{1365245D-E0A9-435E-847B-B47E9DEFC6A2}.Release|Win32.ActiveCfg = Release|Win32
{1365245D-E0A9-435E-847B-B47E9DEFC6A2}.Release|Win32.Build.0 = Release|Win32
{1365245D-E0A9-435E-847B-B47E9DEFC6A2}.Release|x64.ActiveCfg = Release|x64
{1365245D-E0A9-435E-847B-B47E9DEFC6A2}.Release|x64.Build.0 = Release|x64
{E6CAD670-220D-4C1C-8DCC-E40D8B9275DB}.Debug|Win32.ActiveCfg = Debug|Win32
{E6CAD670-220D-4C1C-8DCC-E40D8B9275DB}.Debug|Win32.Build.0 = Debug|Win32
{E6CAD670-220D-4C1C-8DCC-E40D8B9275DB}.Debug|x64.ActiveCfg = Debug|x64
{E6CAD670-220D-4C1C-8DCC-E40D8B9275DB}.Debug|x64.Build.0 = Debug|x64
{E6CAD670-220D-4C1C-8DCC-E40D8B9275DB}.Release|Win32.ActiveCfg = Release|Win32
{E6CAD670-220D-4C1C-8DCC-E40D8B9275DB}.Release|Win32.Build.0 = Release|Win32
{E6CAD670-220D-4C1C-8DCC-E40D8B9275DB}.Release|x64.ActiveCfg = Release|x64
{E6CAD670-220D-4C1C-8DCC-E40D8B9275DB}.Release|x64.Build.0 = Release|x64
{3FC2A47A-F78D-4D1D-8FC6-5D01E53A5904}.Debug|Win32.ActiveCfg = Debug|Win32
{3FC2A47A-F78D-4D1D-8FC6-5D01E53A5904}.Debug|Win32.Build.0 = Debug|Win32
{3FC2A47A-F78D-4D1D-8FC6-5D01E53A5904}.Debug|x64.ActiveCfg = Debug|x64
{3FC2A47A-F78D-4D1D-8FC6-5D01E53A5904}.Debug|x64.Build.0 = Debug|x64
{3FC2A47A-F78D-4D1D-8FC6-5D01E53A5904}.Release|Win32.ActiveCfg = Release|Win32
{3FC2A47A-F78D-4D1D-8FC6-5D01E53A5904}.Release|Win32.Build.0 = Release|Win32
{3FC2A47A-F78D-4D1D-8FC6-5D01E53A5904}.Release|x64.ActiveCfg = Release|x64
{3FC2A47A-F78D-4D1D-8FC6-5D01E53A5904}.Release|x64.Build.0 = Release|x64
{E8A2F975-35B0-4B6C-A665-ADA6CE2940C5}.Debug|Win32.ActiveCfg = Debug|Win32
{E8A2F975-35B0-4B6C-A665-ADA6CE2940C5}.Debug|Win32.Build.0 = Debug|Win32
{E8A2F975-35B0-4B6C-A665-ADA6CE2940C5}.Debug|x64.ActiveCfg = Debug|x64
{E8A2F975-35B0-4B6C-A665-ADA6CE2940C5}.Debug|x64.Build.0 = Debug|x64
{E8A2F975-35B0-4B6C-A665-ADA6CE2940C5}.Release|Win32.ActiveCfg = Release|Win32
{E8A2F975-35B0-4B6C-A665-ADA6CE2940C5}.Release|Win32.Build.0 = Release|Win32
{E8A2F975-35B0-4B6C-A665-ADA6CE2940C5}.Release|x64.ActiveCfg = Release|x64
{E8A2F975-35B0-4B6C-A665-ADA6CE2940C5}.Release|x64.Build.0 = Release|x64
{36320831-CC5E-4B84-80BF-1BF60099195B}.Debug|Win32.ActiveCfg = Debug|Win32
{36320831-CC5E-4B84-80BF-1BF60099195B}.Debug|Win32.Build.0 = Debug|Win32
{36320831-CC5E-4B84-80BF-1BF60099195B}.Debug|x64.ActiveCfg = Debug|x64
{36320831-CC5E-4B84-80BF-1BF60099195B}.Debug|x64.Build.0 = Debug|x64
{36320831-CC5E-4B84-80BF-1BF60099195B}.Release|Win32.ActiveCfg = Release|Win32
{36320831-CC5E-4B84-80BF-1BF60099195B}.Release|Win32.Build.0 = Release|Win32
{36320831-CC5E-4B84-80BF-1BF60099195B}.Release|x64.ActiveCfg = Release|x64
{36320831-CC5E-4B84-80BF-1BF60099195B}.Release|x64.Build.0 = Release|x64
{037F8FB0-1E21-4B75-B1AC-209EF06D83DA}.Debug|Win32.ActiveCfg = Debug|Win32
{037F8FB0-1E21-4B75-B1AC-209EF06D83DA}.Debug|Win32.Build.0 = Debug|Win32
{037F8FB0-1E21-4B75-B1AC-209EF06D83DA}.Debug|x64.ActiveCfg = Debug|x64
{037F8FB0-1E21-4B75-B1AC-209EF06D83DA}.Debug|x64.Build.0 = Debug|x64
{037F8FB0-1E21-4B75-B1AC-209EF06D83DA}.Release|Win32.ActiveCfg = Release|Win32
{037F8FB0-1E21-4B75-B1AC-209EF06D83DA}.Release|Win32.Build.0 = Release|Win32
{037F8FB0-1E21-4B75-B1AC-209EF06D83DA}.Release|x64.ActiveCfg = Release|x64
{037F8FB0-1E21-4B75-B1AC-209EF06D83DA}.Release|x64.Build.0 = Release|x64
EndGlobalSection

      GlobalSection(SolutionProperties) = preSolution
        HideSolutionNode = FALSE
      EndGlobalSection
    EndGlobal
