Microsoft Visual Studio Solution File, Format Version 11.00
# Visual Studio 2010
Project("{8BC9CEB8-8B4A-11D0-8D11-00A0C91BC942}") = "prep", "ioto-windows-default\prep.vcxproj", "{D1BF3DC7-00B5-4DDA-9656-E9AB4E684AFD}"
	ProjectSection(ProjectDependencies) = postProject
		{D1BF3DC7-00B5-4DDA-9656-E9AB4E684AFD} = {D1BF3DC7-00B5-4DDA-9656-E9AB4E684AFD}
	EndProjectSection
EndProject
Project("{8BC9CEB8-8B4A-11D0-8D11-00A0C91BC942}") = "libioto", "ioto-windows-default\libioto.vcxproj", "{F4B7BB91-D541-4CF7-BC72-0B9EC5616191}"
	ProjectSection(ProjectDependencies) = postProject
		{D1BF3DC7-00B5-4DDA-9656-E9AB4E684AFD} = {D1BF3DC7-00B5-4DDA-9656-E9AB4E684AFD}
	EndProjectSection
	ProjectSection(ProjectDependencies) = postProject
		{F4B7BB91-D541-4CF7-BC72-0B9EC5616191} = {F4B7BB91-D541-4CF7-BC72-0B9EC5616191}
	EndProjectSection
EndProject
Project("{8BC9CEB8-8B4A-11D0-8D11-00A0C91BC942}") = "db", "ioto-windows-default\db.vcxproj", "{19106F4E-8C4E-4B91-93DB-ED8AC7CE792B}"
	ProjectSection(ProjectDependencies) = postProject
		{D1BF3DC7-00B5-4DDA-9656-E9AB4E684AFD} = {D1BF3DC7-00B5-4DDA-9656-E9AB4E684AFD}
	EndProjectSection
	ProjectSection(ProjectDependencies) = postProject
		{F4B7BB91-D541-4CF7-BC72-0B9EC5616191} = {F4B7BB91-D541-4CF7-BC72-0B9EC5616191}
	EndProjectSection
	ProjectSection(ProjectDependencies) = postProject
		{19106F4E-8C4E-4B91-93DB-ED8AC7CE792B} = {19106F4E-8C4E-4B91-93DB-ED8AC7CE792B}
	EndProjectSection
EndProject
Project("{8BC9CEB8-8B4A-11D0-8D11-00A0C91BC942}") = "ioto", "ioto-windows-default\ioto.vcxproj", "{765165BB-5C12-449B-A1D3-AF4586A255AB}"
	ProjectSection(ProjectDependencies) = postProject
		{D1BF3DC7-00B5-4DDA-9656-E9AB4E684AFD} = {D1BF3DC7-00B5-4DDA-9656-E9AB4E684AFD}
	EndProjectSection
	ProjectSection(ProjectDependencies) = postProject
		{F4B7BB91-D541-4CF7-BC72-0B9EC5616191} = {F4B7BB91-D541-4CF7-BC72-0B9EC5616191}
	EndProjectSection
	ProjectSection(ProjectDependencies) = postProject
		{765165BB-5C12-449B-A1D3-AF4586A255AB} = {765165BB-5C12-449B-A1D3-AF4586A255AB}
	EndProjectSection
EndProject
Project("{8BC9CEB8-8B4A-11D0-8D11-00A0C91BC942}") = "json", "ioto-windows-default\json.vcxproj", "{1A63B7A1-AA7C-4728-9E70-AB1AE8F55C32}"
	ProjectSection(ProjectDependencies) = postProject
		{D1BF3DC7-00B5-4DDA-9656-E9AB4E684AFD} = {D1BF3DC7-00B5-4DDA-9656-E9AB4E684AFD}
	EndProjectSection
	ProjectSection(ProjectDependencies) = postProject
		{F4B7BB91-D541-4CF7-BC72-0B9EC5616191} = {F4B7BB91-D541-4CF7-BC72-0B9EC5616191}
	EndProjectSection
	ProjectSection(ProjectDependencies) = postProject
		{1A63B7A1-AA7C-4728-9E70-AB1AE8F55C32} = {1A63B7A1-AA7C-4728-9E70-AB1AE8F55C32}
	EndProjectSection
EndProject
Project("{8BC9CEB8-8B4A-11D0-8D11-00A0C91BC942}") = "password", "ioto-windows-default\password.vcxproj", "{E455971D-74DA-4E0A-A978-8C24F681422A}"
	ProjectSection(ProjectDependencies) = postProject
		{D1BF3DC7-00B5-4DDA-9656-E9AB4E684AFD} = {D1BF3DC7-00B5-4DDA-9656-E9AB4E684AFD}
	EndProjectSection
	ProjectSection(ProjectDependencies) = postProject
		{F4B7BB91-D541-4CF7-BC72-0B9EC5616191} = {F4B7BB91-D541-4CF7-BC72-0B9EC5616191}
	EndProjectSection
	ProjectSection(ProjectDependencies) = postProject
		{E455971D-74DA-4E0A-A978-8C24F681422A} = {E455971D-74DA-4E0A-A978-8C24F681422A}
	EndProjectSection
EndProject
Project("{8BC9CEB8-8B4A-11D0-8D11-00A0C91BC942}") = "webserver", "ioto-windows-default\webserver.vcxproj", "{61B6BCE4-C16A-4420-9E29-1B754DE5C4C5}"
	ProjectSection(ProjectDependencies) = postProject
		{D1BF3DC7-00B5-4DDA-9656-E9AB4E684AFD} = {D1BF3DC7-00B5-4DDA-9656-E9AB4E684AFD}
	EndProjectSection
	ProjectSection(ProjectDependencies) = postProject
		{F4B7BB91-D541-4CF7-BC72-0B9EC5616191} = {F4B7BB91-D541-4CF7-BC72-0B9EC5616191}
	EndProjectSection
	ProjectSection(ProjectDependencies) = postProject
		{61B6BCE4-C16A-4420-9E29-1B754DE5C4C5} = {61B6BCE4-C16A-4420-9E29-1B754DE5C4C5}
	EndProjectSection
EndProject

    Global
        GlobalSection(SolutionConfigurationPlatforms) = preSolution
            Debug|Win32 = Debug|Win32
            Debug|x64 = Debug|x64
            Release|Win32 = Release|Win32
            Release|x64 = Release|x64
        EndGlobalSection
        GlobalSection(ProjectConfigurationPlatforms) = postSolution
{D1BF3DC7-00B5-4DDA-9656-E9AB4E684AFD}.Debug|Win32.ActiveCfg = Debug|Win32
{D1BF3DC7-00B5-4DDA-9656-E9AB4E684AFD}.Debug|Win32.Build.0 = Debug|Win32
{D1BF3DC7-00B5-4DDA-9656-E9AB4E684AFD}.Debug|x64.ActiveCfg = Debug|x64
{D1BF3DC7-00B5-4DDA-9656-E9AB4E684AFD}.Debug|x64.Build.0 = Debug|x64
{D1BF3DC7-00B5-4DDA-9656-E9AB4E684AFD}.Release|Win32.ActiveCfg = Release|Win32
{D1BF3DC7-00B5-4DDA-9656-E9AB4E684AFD}.Release|Win32.Build.0 = Release|Win32
{D1BF3DC7-00B5-4DDA-9656-E9AB4E684AFD}.Release|x64.ActiveCfg = Release|x64
{D1BF3DC7-00B5-4DDA-9656-E9AB4E684AFD}.Release|x64.Build.0 = Release|x64
{F4B7BB91-D541-4CF7-BC72-0B9EC5616191}.Debug|Win32.ActiveCfg = Debug|Win32
{F4B7BB91-D541-4CF7-BC72-0B9EC5616191}.Debug|Win32.Build.0 = Debug|Win32
{F4B7BB91-D541-4CF7-BC72-0B9EC5616191}.Debug|x64.ActiveCfg = Debug|x64
{F4B7BB91-D541-4CF7-BC72-0B9EC5616191}.Debug|x64.Build.0 = Debug|x64
{F4B7BB91-D541-4CF7-BC72-0B9EC5616191}.Release|Win32.ActiveCfg = Release|Win32
{F4B7BB91-D541-4CF7-BC72-0B9EC5616191}.Release|Win32.Build.0 = Release|Win32
{F4B7BB91-D541-4CF7-BC72-0B9EC5616191}.Release|x64.ActiveCfg = Release|x64
{F4B7BB91-D541-4CF7-BC72-0B9EC5616191}.Release|x64.Build.0 = Release|x64
{19106F4E-8C4E-4B91-93DB-ED8AC7CE792B}.Debug|Win32.ActiveCfg = Debug|Win32
{19106F4E-8C4E-4B91-93DB-ED8AC7CE792B}.Debug|Win32.Build.0 = Debug|Win32
{19106F4E-8C4E-4B91-93DB-ED8AC7CE792B}.Debug|x64.ActiveCfg = Debug|x64
{19106F4E-8C4E-4B91-93DB-ED8AC7CE792B}.Debug|x64.Build.0 = Debug|x64
{19106F4E-8C4E-4B91-93DB-ED8AC7CE792B}.Release|Win32.ActiveCfg = Release|Win32
{19106F4E-8C4E-4B91-93DB-ED8AC7CE792B}.Release|Win32.Build.0 = Release|Win32
{19106F4E-8C4E-4B91-93DB-ED8AC7CE792B}.Release|x64.ActiveCfg = Release|x64
{19106F4E-8C4E-4B91-93DB-ED8AC7CE792B}.Release|x64.Build.0 = Release|x64
{765165BB-5C12-449B-A1D3-AF4586A255AB}.Debug|Win32.ActiveCfg = Debug|Win32
{765165BB-5C12-449B-A1D3-AF4586A255AB}.Debug|Win32.Build.0 = Debug|Win32
{765165BB-5C12-449B-A1D3-AF4586A255AB}.Debug|x64.ActiveCfg = Debug|x64
{765165BB-5C12-449B-A1D3-AF4586A255AB}.Debug|x64.Build.0 = Debug|x64
{765165BB-5C12-449B-A1D3-AF4586A255AB}.Release|Win32.ActiveCfg = Release|Win32
{765165BB-5C12-449B-A1D3-AF4586A255AB}.Release|Win32.Build.0 = Release|Win32
{765165BB-5C12-449B-A1D3-AF4586A255AB}.Release|x64.ActiveCfg = Release|x64
{765165BB-5C12-449B-A1D3-AF4586A255AB}.Release|x64.Build.0 = Release|x64
{1A63B7A1-AA7C-4728-9E70-AB1AE8F55C32}.Debug|Win32.ActiveCfg = Debug|Win32
{1A63B7A1-AA7C-4728-9E70-AB1AE8F55C32}.Debug|Win32.Build.0 = Debug|Win32
{1A63B7A1-AA7C-4728-9E70-AB1AE8F55C32}.Debug|x64.ActiveCfg = Debug|x64
{1A63B7A1-AA7C-4728-9E70-AB1AE8F55C32}.Debug|x64.Build.0 = Debug|x64
{1A63B7A1-AA7C-4728-9E70-AB1AE8F55C32}.Release|Win32.ActiveCfg = Release|Win32
{1A63B7A1-AA7C-4728-9E70-AB1AE8F55C32}.Release|Win32.Build.0 = Release|Win32
{1A63B7A1-AA7C-4728-9E70-AB1AE8F55C32}.Release|x64.ActiveCfg = Release|x64
{1A63B7A1-AA7C-4728-9E70-AB1AE8F55C32}.Release|x64.Build.0 = Release|x64
{E455971D-74DA-4E0A-A978-8C24F681422A}.Debug|Win32.ActiveCfg = Debug|Win32
{E455971D-74DA-4E0A-A978-8C24F681422A}.Debug|Win32.Build.0 = Debug|Win32
{E455971D-74DA-4E0A-A978-8C24F681422A}.Debug|x64.ActiveCfg = Debug|x64
{E455971D-74DA-4E0A-A978-8C24F681422A}.Debug|x64.Build.0 = Debug|x64
{E455971D-74DA-4E0A-A978-8C24F681422A}.Release|Win32.ActiveCfg = Release|Win32
{E455971D-74DA-4E0A-A978-8C24F681422A}.Release|Win32.Build.0 = Release|Win32
{E455971D-74DA-4E0A-A978-8C24F681422A}.Release|x64.ActiveCfg = Release|x64
{E455971D-74DA-4E0A-A978-8C24F681422A}.Release|x64.Build.0 = Release|x64
{61B6BCE4-C16A-4420-9E29-1B754DE5C4C5}.Debug|Win32.ActiveCfg = Debug|Win32
{61B6BCE4-C16A-4420-9E29-1B754DE5C4C5}.Debug|Win32.Build.0 = Debug|Win32
{61B6BCE4-C16A-4420-9E29-1B754DE5C4C5}.Debug|x64.ActiveCfg = Debug|x64
{61B6BCE4-C16A-4420-9E29-1B754DE5C4C5}.Debug|x64.Build.0 = Debug|x64
{61B6BCE4-C16A-4420-9E29-1B754DE5C4C5}.Release|Win32.ActiveCfg = Release|Win32
{61B6BCE4-C16A-4420-9E29-1B754DE5C4C5}.Release|Win32.Build.0 = Release|Win32
{61B6BCE4-C16A-4420-9E29-1B754DE5C4C5}.Release|x64.ActiveCfg = Release|x64
{61B6BCE4-C16A-4420-9E29-1B754DE5C4C5}.Release|x64.Build.0 = Release|x64
EndGlobalSection

      GlobalSection(SolutionProperties) = preSolution
        HideSolutionNode = FALSE
      EndGlobalSection
    EndGlobal
