Microsoft Visual Studio Solution File, Format Version 11.00
# Visual Studio 2010
Project("{8BC9CEB8-8B4A-11D0-8D11-00A0C91BC942}") = "prep", "ioto-windows-default\prep.vcxproj", "{2B312FBA-EBC3-47A7-8E20-CA94F7F9C2DD}"
	ProjectSection(ProjectDependencies) = postProject
		{2B312FBA-EBC3-47A7-8E20-CA94F7F9C2DD} = {2B312FBA-EBC3-47A7-8E20-CA94F7F9C2DD}
	EndProjectSection
EndProject
Project("{8BC9CEB8-8B4A-11D0-8D11-00A0C91BC942}") = "libioto", "ioto-windows-default\libioto.vcxproj", "{2CEE9167-811B-43B9-B78C-E3C8BF5C1988}"
	ProjectSection(ProjectDependencies) = postProject
		{2B312FBA-EBC3-47A7-8E20-CA94F7F9C2DD} = {2B312FBA-EBC3-47A7-8E20-CA94F7F9C2DD}
	EndProjectSection
	ProjectSection(ProjectDependencies) = postProject
		{2CEE9167-811B-43B9-B78C-E3C8BF5C1988} = {2CEE9167-811B-43B9-B78C-E3C8BF5C1988}
	EndProjectSection
EndProject
Project("{8BC9CEB8-8B4A-11D0-8D11-00A0C91BC942}") = "db", "ioto-windows-default\db.vcxproj", "{5038E87F-5486-4EB5-A36F-B88AD38776DE}"
	ProjectSection(ProjectDependencies) = postProject
		{2B312FBA-EBC3-47A7-8E20-CA94F7F9C2DD} = {2B312FBA-EBC3-47A7-8E20-CA94F7F9C2DD}
	EndProjectSection
	ProjectSection(ProjectDependencies) = postProject
		{2CEE9167-811B-43B9-B78C-E3C8BF5C1988} = {2CEE9167-811B-43B9-B78C-E3C8BF5C1988}
	EndProjectSection
	ProjectSection(ProjectDependencies) = postProject
		{5038E87F-5486-4EB5-A36F-B88AD38776DE} = {5038E87F-5486-4EB5-A36F-B88AD38776DE}
	EndProjectSection
EndProject
Project("{8BC9CEB8-8B4A-11D0-8D11-00A0C91BC942}") = "ioto", "ioto-windows-default\ioto.vcxproj", "{4A64C682-EE63-4CD3-BEEB-C0A25269C6EA}"
	ProjectSection(ProjectDependencies) = postProject
		{2B312FBA-EBC3-47A7-8E20-CA94F7F9C2DD} = {2B312FBA-EBC3-47A7-8E20-CA94F7F9C2DD}
	EndProjectSection
	ProjectSection(ProjectDependencies) = postProject
		{2CEE9167-811B-43B9-B78C-E3C8BF5C1988} = {2CEE9167-811B-43B9-B78C-E3C8BF5C1988}
	EndProjectSection
	ProjectSection(ProjectDependencies) = postProject
		{4A64C682-EE63-4CD3-BEEB-C0A25269C6EA} = {4A64C682-EE63-4CD3-BEEB-C0A25269C6EA}
	EndProjectSection
EndProject
Project("{8BC9CEB8-8B4A-11D0-8D11-00A0C91BC942}") = "json", "ioto-windows-default\json.vcxproj", "{AA7175CB-87E5-403E-BA61-F56B5CE36546}"
	ProjectSection(ProjectDependencies) = postProject
		{2B312FBA-EBC3-47A7-8E20-CA94F7F9C2DD} = {2B312FBA-EBC3-47A7-8E20-CA94F7F9C2DD}
	EndProjectSection
	ProjectSection(ProjectDependencies) = postProject
		{2CEE9167-811B-43B9-B78C-E3C8BF5C1988} = {2CEE9167-811B-43B9-B78C-E3C8BF5C1988}
	EndProjectSection
	ProjectSection(ProjectDependencies) = postProject
		{AA7175CB-87E5-403E-BA61-F56B5CE36546} = {AA7175CB-87E5-403E-BA61-F56B5CE36546}
	EndProjectSection
EndProject
Project("{8BC9CEB8-8B4A-11D0-8D11-00A0C91BC942}") = "password", "ioto-windows-default\password.vcxproj", "{FC7E8535-084B-4ED9-9860-AE3BA6B7B577}"
	ProjectSection(ProjectDependencies) = postProject
		{2B312FBA-EBC3-47A7-8E20-CA94F7F9C2DD} = {2B312FBA-EBC3-47A7-8E20-CA94F7F9C2DD}
	EndProjectSection
	ProjectSection(ProjectDependencies) = postProject
		{2CEE9167-811B-43B9-B78C-E3C8BF5C1988} = {2CEE9167-811B-43B9-B78C-E3C8BF5C1988}
	EndProjectSection
	ProjectSection(ProjectDependencies) = postProject
		{FC7E8535-084B-4ED9-9860-AE3BA6B7B577} = {FC7E8535-084B-4ED9-9860-AE3BA6B7B577}
	EndProjectSection
EndProject
Project("{8BC9CEB8-8B4A-11D0-8D11-00A0C91BC942}") = "webserver", "ioto-windows-default\webserver.vcxproj", "{41070A48-DC1B-444C-85B6-FD573D36459D}"
	ProjectSection(ProjectDependencies) = postProject
		{2B312FBA-EBC3-47A7-8E20-CA94F7F9C2DD} = {2B312FBA-EBC3-47A7-8E20-CA94F7F9C2DD}
	EndProjectSection
	ProjectSection(ProjectDependencies) = postProject
		{2CEE9167-811B-43B9-B78C-E3C8BF5C1988} = {2CEE9167-811B-43B9-B78C-E3C8BF5C1988}
	EndProjectSection
	ProjectSection(ProjectDependencies) = postProject
		{41070A48-DC1B-444C-85B6-FD573D36459D} = {41070A48-DC1B-444C-85B6-FD573D36459D}
	EndProjectSection
EndProject

    Global
        GlobalSection(SolutionConfigurationPlatforms) = preSolution
            Debug|Win32 = Debug|Win32
            Debug|x64 = Debug|x64
            Release|Win32 = Release|Win32
            Release|x64 = Release|x64
        EndGlobalSection
        GlobalSection(ProjectConfigurationPlatforms) = postSolution
{2B312FBA-EBC3-47A7-8E20-CA94F7F9C2DD}.Debug|Win32.ActiveCfg = Debug|Win32
{2B312FBA-EBC3-47A7-8E20-CA94F7F9C2DD}.Debug|Win32.Build.0 = Debug|Win32
{2B312FBA-EBC3-47A7-8E20-CA94F7F9C2DD}.Debug|x64.ActiveCfg = Debug|x64
{2B312FBA-EBC3-47A7-8E20-CA94F7F9C2DD}.Debug|x64.Build.0 = Debug|x64
{2B312FBA-EBC3-47A7-8E20-CA94F7F9C2DD}.Release|Win32.ActiveCfg = Release|Win32
{2B312FBA-EBC3-47A7-8E20-CA94F7F9C2DD}.Release|Win32.Build.0 = Release|Win32
{2B312FBA-EBC3-47A7-8E20-CA94F7F9C2DD}.Release|x64.ActiveCfg = Release|x64
{2B312FBA-EBC3-47A7-8E20-CA94F7F9C2DD}.Release|x64.Build.0 = Release|x64
{2CEE9167-811B-43B9-B78C-E3C8BF5C1988}.Debug|Win32.ActiveCfg = Debug|Win32
{2CEE9167-811B-43B9-B78C-E3C8BF5C1988}.Debug|Win32.Build.0 = Debug|Win32
{2CEE9167-811B-43B9-B78C-E3C8BF5C1988}.Debug|x64.ActiveCfg = Debug|x64
{2CEE9167-811B-43B9-B78C-E3C8BF5C1988}.Debug|x64.Build.0 = Debug|x64
{2CEE9167-811B-43B9-B78C-E3C8BF5C1988}.Release|Win32.ActiveCfg = Release|Win32
{2CEE9167-811B-43B9-B78C-E3C8BF5C1988}.Release|Win32.Build.0 = Release|Win32
{2CEE9167-811B-43B9-B78C-E3C8BF5C1988}.Release|x64.ActiveCfg = Release|x64
{2CEE9167-811B-43B9-B78C-E3C8BF5C1988}.Release|x64.Build.0 = Release|x64
{5038E87F-5486-4EB5-A36F-B88AD38776DE}.Debug|Win32.ActiveCfg = Debug|Win32
{5038E87F-5486-4EB5-A36F-B88AD38776DE}.Debug|Win32.Build.0 = Debug|Win32
{5038E87F-5486-4EB5-A36F-B88AD38776DE}.Debug|x64.ActiveCfg = Debug|x64
{5038E87F-5486-4EB5-A36F-B88AD38776DE}.Debug|x64.Build.0 = Debug|x64
{5038E87F-5486-4EB5-A36F-B88AD38776DE}.Release|Win32.ActiveCfg = Release|Win32
{5038E87F-5486-4EB5-A36F-B88AD38776DE}.Release|Win32.Build.0 = Release|Win32
{5038E87F-5486-4EB5-A36F-B88AD38776DE}.Release|x64.ActiveCfg = Release|x64
{5038E87F-5486-4EB5-A36F-B88AD38776DE}.Release|x64.Build.0 = Release|x64
{4A64C682-EE63-4CD3-BEEB-C0A25269C6EA}.Debug|Win32.ActiveCfg = Debug|Win32
{4A64C682-EE63-4CD3-BEEB-C0A25269C6EA}.Debug|Win32.Build.0 = Debug|Win32
{4A64C682-EE63-4CD3-BEEB-C0A25269C6EA}.Debug|x64.ActiveCfg = Debug|x64
{4A64C682-EE63-4CD3-BEEB-C0A25269C6EA}.Debug|x64.Build.0 = Debug|x64
{4A64C682-EE63-4CD3-BEEB-C0A25269C6EA}.Release|Win32.ActiveCfg = Release|Win32
{4A64C682-EE63-4CD3-BEEB-C0A25269C6EA}.Release|Win32.Build.0 = Release|Win32
{4A64C682-EE63-4CD3-BEEB-C0A25269C6EA}.Release|x64.ActiveCfg = Release|x64
{4A64C682-EE63-4CD3-BEEB-C0A25269C6EA}.Release|x64.Build.0 = Release|x64
{AA7175CB-87E5-403E-BA61-F56B5CE36546}.Debug|Win32.ActiveCfg = Debug|Win32
{AA7175CB-87E5-403E-BA61-F56B5CE36546}.Debug|Win32.Build.0 = Debug|Win32
{AA7175CB-87E5-403E-BA61-F56B5CE36546}.Debug|x64.ActiveCfg = Debug|x64
{AA7175CB-87E5-403E-BA61-F56B5CE36546}.Debug|x64.Build.0 = Debug|x64
{AA7175CB-87E5-403E-BA61-F56B5CE36546}.Release|Win32.ActiveCfg = Release|Win32
{AA7175CB-87E5-403E-BA61-F56B5CE36546}.Release|Win32.Build.0 = Release|Win32
{AA7175CB-87E5-403E-BA61-F56B5CE36546}.Release|x64.ActiveCfg = Release|x64
{AA7175CB-87E5-403E-BA61-F56B5CE36546}.Release|x64.Build.0 = Release|x64
{FC7E8535-084B-4ED9-9860-AE3BA6B7B577}.Debug|Win32.ActiveCfg = Debug|Win32
{FC7E8535-084B-4ED9-9860-AE3BA6B7B577}.Debug|Win32.Build.0 = Debug|Win32
{FC7E8535-084B-4ED9-9860-AE3BA6B7B577}.Debug|x64.ActiveCfg = Debug|x64
{FC7E8535-084B-4ED9-9860-AE3BA6B7B577}.Debug|x64.Build.0 = Debug|x64
{FC7E8535-084B-4ED9-9860-AE3BA6B7B577}.Release|Win32.ActiveCfg = Release|Win32
{FC7E8535-084B-4ED9-9860-AE3BA6B7B577}.Release|Win32.Build.0 = Release|Win32
{FC7E8535-084B-4ED9-9860-AE3BA6B7B577}.Release|x64.ActiveCfg = Release|x64
{FC7E8535-084B-4ED9-9860-AE3BA6B7B577}.Release|x64.Build.0 = Release|x64
{41070A48-DC1B-444C-85B6-FD573D36459D}.Debug|Win32.ActiveCfg = Debug|Win32
{41070A48-DC1B-444C-85B6-FD573D36459D}.Debug|Win32.Build.0 = Debug|Win32
{41070A48-DC1B-444C-85B6-FD573D36459D}.Debug|x64.ActiveCfg = Debug|x64
{41070A48-DC1B-444C-85B6-FD573D36459D}.Debug|x64.Build.0 = Debug|x64
{41070A48-DC1B-444C-85B6-FD573D36459D}.Release|Win32.ActiveCfg = Release|Win32
{41070A48-DC1B-444C-85B6-FD573D36459D}.Release|Win32.Build.0 = Release|Win32
{41070A48-DC1B-444C-85B6-FD573D36459D}.Release|x64.ActiveCfg = Release|x64
{41070A48-DC1B-444C-85B6-FD573D36459D}.Release|x64.Build.0 = Release|x64
EndGlobalSection

      GlobalSection(SolutionProperties) = preSolution
        HideSolutionNode = FALSE
      EndGlobalSection
    EndGlobal
