// !$*UTF8*$!
{
	archiveVersion = 1;
	classes = {
	};
	objectVersion = 46;
	objects = {

/* Begin PBXBuildFile section */
		B5551068109663DAE3F0AEA8 /* password.c in Sources */ = {isa = PBXBuildFile; fileRef = E265AF10F9784A42E9944550 /* password.c */; };
		E3E368FF3B48DBF1ED56F73F /* libioto.a in Frameworks */ = {isa = PBXBuildFile; fileRef = 86CDAA07B8C6F4B932A63047 /* libioto.a */; };
/* End PBXBuildFile section */

/* Begin PBXContainerItemProxy section */
		7252E95D9879190FFF800F9D /* PBXContainerItemProxy */ = {
			isa = PBXContainerItemProxy;
			containerPortal = CDEFF476EFBBA1A82C70CAB6 /* ioto.xcodeproj */;
			proxyType = 2;
			remoteGlobalIDString = C19168CAC5023AFC466EDF0A;
			remoteInfo = libioto.a;
		};
		C48D5BF6EAB38BA851BA8236 /* PBXContainerItemProxy */ = {
			isa = PBXContainerItemProxy;
			containerPortal = CDEFF476EFBBA1A82C70CAB6 /* ioto.xcodeproj */;
			proxyType = 1;
			remoteGlobalIDString = 460A4F7074B0A362CDF1FDB0;
			remoteInfo = libioto.a;
		};
/* End PBXContainerItemProxy section */

/* Begin PBXFileReference section */
		583076BC86D6CAAEE01824FC /* password */ = {isa = PBXFileReference; explicitFileType = "compiled.mach-o.executable"; includeInIndex = 0; name = password; path = password; sourceTree = BUILT_PRODUCTS_DIR; };
		CDEFF476EFBBA1A82C70CAB6 /* libioto.a */ = {isa = PBXFileReference; lastKnownFileType = "wrapper.pb-project"; name = "ioto.xcodeproj"; path = ioto.xcodeproj; sourceTree = SOURCE_ROOT; };
		E265AF10F9784A42E9944550 /* password.c */ = {isa = PBXFileReference; lastKnownFileType = sourcecode.c.c; name = password.c; path = ../../src/cmds/password.c; sourceTree = "<group>"; };
/* End PBXFileReference section */

/* Begin PBXFrameworksBuildPhase section */
		B69C6E2C0922991EDB66FC6C /* Frameworks */ = {
			isa = PBXFrameworksBuildPhase;
			buildActionMask = 2147483647;
			files = (
				E3E368FF3B48DBF1ED56F73F /* libioto.a in Frameworks */,
			);
			runOnlyForDeploymentPostprocessing = 0;
		};
/* End PBXFrameworksBuildPhase section */

/* Begin PBXCopyFilesBuildPhase section */
		A53BF998B1F8A90A26E317D8 /* Embed Libraries */ = {
			isa = PBXCopyFilesBuildPhase;
			buildActionMask = 2147483647;
			dstPath = "";
			dstSubfolderSpec = 10;
			files = (
			);
			name = "Embed Libraries";
			runOnlyForDeploymentPostprocessing = 0;
		};
/* End PBXCopyFilesBuildPhase section */

/* Begin PBXGroup section */
		374C3EFD30B2406F244D9D3D /* Products */ = {
			isa = PBXGroup;
			children = (
				86CDAA07B8C6F4B932A63047 /* libioto.a */,
			);
			name = Products;
			sourceTree = "<group>";
		};
		3C067F13307CF6457F509553 /* password */ = {
			isa = PBXGroup;
			children = (
				E265AF10F9784A42E9944550 /* password.c */,
				A6C936B49B3FADE6EA134CF4 /* Products */,
				9D968EAA920D05DCE0E0A4EA /* Projects */,
			);
			name = password;
			sourceTree = "<group>";
		};
		9D968EAA920D05DCE0E0A4EA /* Projects */ = {
			isa = PBXGroup;
			children = (
				CDEFF476EFBBA1A82C70CAB6 /* ioto.xcodeproj */,
				CDEFF476EFBBA1A82C70CAB6 /* ioto.xcodeproj */,
			);
			name = Projects;
			sourceTree = "<group>";
		};
		A6C936B49B3FADE6EA134CF4 /* Products */ = {
			isa = PBXGroup;
			children = (
				583076BC86D6CAAEE01824FC /* password */,
			);
			name = Products;
			sourceTree = "<group>";
		};
/* End PBXGroup section */

/* Begin PBXNativeTarget section */
		792667221D7904D42FB14D62 /* password */ = {
			isa = PBXNativeTarget;
			buildConfigurationList = A4D7B68BF75DE17DC9A244CB /* Build configuration list for PBXNativeTarget "password" */;
			buildPhases = (
				2683EECC790A19BE4B4E7D0C /* Resources */,
				90310823E2B73315B4FB9663 /* Sources */,
				B69C6E2C0922991EDB66FC6C /* Frameworks */,
				A53BF998B1F8A90A26E317D8 /* Embed Libraries */,
			);
			buildRules = (
			);
			dependencies = (
				25047C061E6A7D781205DA46 /* PBXTargetDependency */,
				25047C061E6A7D781205DA46 /* PBXTargetDependency */,
			);
			name = password;
			productInstallPath = "$(HOME)/bin";
			productName = password;
			productReference = 583076BC86D6CAAEE01824FC /* password */;
			productType = "com.apple.product-type.tool";
		};
/* End PBXNativeTarget section */

/* Begin PBXProject section */
		08FB7793FE84155DC02AAC07 /* Project object */ = {
			isa = PBXProject;
			buildConfigurationList = 1DEB928908733DD80010E9CD /* Build configuration list for PBXProject "password" */;
			compatibilityVersion = "Xcode 3.2";
			hasScannedForEncodings = 1;
			mainGroup = 3C067F13307CF6457F509553 /* password */;
			projectDirPath = "";
			projectReferences = (
				{
					ProductGroup = 374C3EFD30B2406F244D9D3D /* Products */;
					ProjectRef = CDEFF476EFBBA1A82C70CAB6 /* ioto.xcodeproj */;
				},
				{
					ProductGroup = 374C3EFD30B2406F244D9D3D /* Products */;
					ProjectRef = CDEFF476EFBBA1A82C70CAB6 /* ioto.xcodeproj */;
				},
			);
			projectRoot = "";
			targets = (
				792667221D7904D42FB14D62 /* password */,
			);
		};
/* End PBXProject section */

/* Begin PBXReferenceProxy section */
		86CDAA07B8C6F4B932A63047 /* libioto.a */ = {
			isa = PBXReferenceProxy;
			fileType = archive.ar;
			path = libioto.a;
			remoteRef = 7252E95D9879190FFF800F9D /* PBXContainerItemProxy */;
			sourceTree = BUILT_PRODUCTS_DIR;
		};
/* End PBXReferenceProxy section */

/* Begin PBXResourcesBuildPhase section */
		2683EECC790A19BE4B4E7D0C /* Resources */ = {
			isa = PBXResourcesBuildPhase;
			buildActionMask = 2147483647;
			files = (
			);
			runOnlyForDeploymentPostprocessing = 0;
		};
/* End PBXResourcesBuildPhase section */

/* Begin PBXSourcesBuildPhase section */
		90310823E2B73315B4FB9663 /* Sources */ = {
			isa = PBXSourcesBuildPhase;
			buildActionMask = 2147483647;
			files = (
				B5551068109663DAE3F0AEA8 /* password.c in Sources */,
			);
			runOnlyForDeploymentPostprocessing = 0;
		};
/* End PBXSourcesBuildPhase section */

/* Begin PBXTargetDependency section */
		25047C061E6A7D781205DA46 /* PBXTargetDependency */ = {
			isa = PBXTargetDependency;
			name = libioto.a;
			targetProxy = C48D5BF6EAB38BA851BA8236 /* PBXContainerItemProxy */;
		};
/* End PBXTargetDependency section */

/* Begin PBXVariantGroup section */
/* End PBXVariantGroup section */

/* Begin XCBuildConfiguration section */
		ABC3BBF196AFE1E3DE95AA31 /* debug */ = {
			isa = XCBuildConfiguration;
			buildSettings = {
				ALWAYS_SEARCH_USER_PATHS = NO;
				CONFIGURATION_BUILD_DIR = ../../build/bin;
				DEBUG_INFORMATION_FORMAT = "dwarf-with-dsym";
				GCC_DYNAMIC_NO_PIC = NO;
				INSTALL_PATH = /usr/local/bin;
				PRODUCT_NAME = password;
			};
			name = debug;
		};
		DDE35FDC0C89B3CE65CB0E1C /* release */ = {
			isa = XCBuildConfiguration;
			buildSettings = {
				CONFIGURATION_BUILD_DIR = "$(SYMROOT)";
				CONFIGURATION_TEMP_DIR = "$(OBJROOT)";
				GCC_C_LANGUAGE_STANDARD = gnu11;
				GCC_OPTIMIZATION_LEVEL = 3;
				GCC_PREPROCESSOR_DEFINITIONS = (
					"ME_VERSION=\\\"3.1.0\\\"",
					"ME_COM_OPENSSL=1",
					"ME_COM_MBEDTLS=0",
					"ME_COM_MBEDTLS_PATH=\\\"/usr\\\"",
					"ME_COM_OPENSSL_PATH=\\\"/opt/homebrew\\\"",
				);
				GCC_SYMBOLS_PRIVATE_EXTERN = NO;
				GCC_WARN_ABOUT_RETURN_TYPE = YES;
				GCC_WARN_UNUSED_VARIABLE = YES;
				LIBRARY_SEARCH_PATHS = (
					../../build/bin,
					/opt/homebrew/lib,
				);
				OBJROOT = "../../build/obj/password-macosx-release";
				ONLY_ACTIVE_ARCH = NO;
				OTHER_CFLAGS = (
					"-Wno-sign-conversion",
					"-Wno-unused-parameter",
					"-Wno-unused-result",
					"-Wshorten-64-to-32",
					"-Wall",
					"-Wno-unknown-warning-option",
					"-fstack-protector",
					"--param=ssp-buffer-size=4",
					"-Wformat",
					"-Wformat-security",
					"-Wsign-compare",
				);
				OTHER_LDFLAGS = (
					"-ldl",
					"-lpthread",
					"-lm",
					"-lssl",
					"-lcrypto",
					"-s",
					"-Wl,-no_warn_duplicate_libraries",
					"-Wl,-rpath,@executable_path/",
					"-Wl,-rpath,@loader_path/",
				);
				STANDARD_C_PLUS_PLUS_LIBRARY_TYPE = static;
				SYMROOT = ../../build/bin;
				USER_HEADER_SEARCH_PATHS = (
					../../include,
					/opt/homebrew/include,
				);
				WARNING_CFLAGS = "-Wall -Wextra";
			};
			name = release;
		};
		F265972B48F3019D216C156B /* release */ = {
			isa = XCBuildConfiguration;
			buildSettings = {
				ALWAYS_SEARCH_USER_PATHS = NO;
				CONFIGURATION_BUILD_DIR = ../../build/bin;
				GCC_DYNAMIC_NO_PIC = NO;
				INSTALL_PATH = /usr/local/bin;
				PRODUCT_NAME = password;
			};
			name = release;
		};
		F439B52200F6649475E0D362 /* debug */ = {
			isa = XCBuildConfiguration;
			buildSettings = {
				CONFIGURATION_BUILD_DIR = "$(SYMROOT)";
				CONFIGURATION_TEMP_DIR = "$(OBJROOT)";
				COPY_PHASE_STRIP = NO;
				GCC_C_LANGUAGE_STANDARD = gnu11;
				GCC_ENABLE_FIX_AND_CONTINUE = YES;
				GCC_OPTIMIZATION_LEVEL = 0;
				GCC_PREPROCESSOR_DEFINITIONS = (
					"ME_VERSION=\\\"3.1.0\\\"",
					"ME_COM_OPENSSL=1",
					"ME_COM_MBEDTLS=0",
					"ME_COM_MBEDTLS_PATH=\\\"/usr\\\"",
					"ME_COM_OPENSSL_PATH=\\\"/opt/homebrew\\\"",
					"ME_DEBUG=1",
				);
				GCC_SYMBOLS_PRIVATE_EXTERN = NO;
				GCC_WARN_ABOUT_RETURN_TYPE = YES;
				GCC_WARN_UNUSED_VARIABLE = YES;
				LIBRARY_SEARCH_PATHS = (
					../../build/bin,
					/opt/homebrew/lib,
				);
				OBJROOT = "../../build/obj/password-macosx-debug";
				ONLY_ACTIVE_ARCH = YES;
				OTHER_CFLAGS = (
					"-Wno-sign-conversion",
					"-Wno-unused-parameter",
					"-Wno-unused-result",
					"-Wshorten-64-to-32",
					"-Wall",
					"-Wno-unknown-warning-option",
					"-fstack-protector",
					"--param=ssp-buffer-size=4",
					"-Wformat",
					"-Wformat-security",
					"-Wsign-compare",
				);
				OTHER_LDFLAGS = (
					"-ldl",
					"-lpthread",
					"-lm",
					"-lssl",
					"-lcrypto",
					"-g",
					"-Wl,-no_warn_duplicate_libraries",
					"-Wl,-rpath,@executable_path/",
					"-Wl,-rpath,@loader_path/",
				);
				STANDARD_C_PLUS_PLUS_LIBRARY_TYPE = static;
				SYMROOT = ../../build/bin;
				USER_HEADER_SEARCH_PATHS = (
					../../include,
					/opt/homebrew/include,
				);
				WARNING_CFLAGS = "-Wall -Wextra";
			};
			name = debug;
		};
/* End XCBuildConfiguration section */

/* Begin XCConfigurationList section */
		1DEB928908733DD80010E9CD /* Build configuration list for PBXProject "password" */ = {
			isa = XCConfigurationList;
			buildConfigurations = (
				F439B52200F6649475E0D362 /* debug */,
				DDE35FDC0C89B3CE65CB0E1C /* release */,
			);
			defaultConfigurationIsVisible = 0;
			defaultConfigurationName = debug;
		};
		A4D7B68BF75DE17DC9A244CB /* Build configuration list for PBXNativeTarget "password" */ = {
			isa = XCConfigurationList;
			buildConfigurations = (
				ABC3BBF196AFE1E3DE95AA31 /* debug */,
				F265972B48F3019D216C156B /* release */,
			);
			defaultConfigurationIsVisible = 0;
			defaultConfigurationName = debug;
		};
/* End XCConfigurationList section */
};
rootObject = 08FB7793FE84155DC02AAC07 /* Project object */;
}