// !$*UTF8*$!
{
        archiveVersion = 1;
        classes = {
        };
        objectVersion = 46;
        objects = {

/* Begin PBXAggregateTarget section */
		342F6C27342F6C2700000006 /* All */ = {
    			isa = PBXAggregateTarget;
    			buildConfigurationList = 342F6C27342F6C2700000005 /* Build configuration list for PBXAggregateTarget "All" */;
    			buildPhases = (
    				
    			);
    			dependencies = (
				342F6C27342F6C2700000007 /* PBXTargetDependency db */,
				342F6C27342F6C2700000008 /* PBXTargetDependency ioto */,
				342F6C27342F6C2700000009 /* PBXTargetDependency json */,
				342F6C27342F6C270000000A /* PBXTargetDependency libioto */,
				342F6C27342F6C270000000B /* PBXTargetDependency password */,
				342F6C27342F6C270000000C /* PBXTargetDependency webserver */,
				342F6C27342F6C270000000D /* PBXTargetDependency All */,
				342F6C27342F6C270000000E /* PBXTargetDependency Prep */,
			);
    			name = All;
    			productName = All;
    		};
		342F6C27342F6C2700000010 /* Prep */ = {
    			isa = PBXAggregateTarget;
    			buildConfigurationList = 342F6C27342F6C270000000F /* Build configuration list for PBXAggregateTarget "Prep" */;
    			buildPhases = (
    				342F6C27342F6C2700000011,
    			);
    			dependencies = (
			);
    			name = Prep;
    			productName = Prep;
    		};
/* End PBXAggregateTarget section */

/* Begin PBXBuildFile section */
		342F6C27342F6C2700000012 /* db.c in Sources */ = {isa = PBXBuildFile; fileRef = 342F6C27342F6C2700000013 /* db.c */; };
		342F6C27342F6C2700000014 /* main.c in Sources */ = {isa = PBXBuildFile; fileRef = 342F6C27342F6C2700000015 /* main.c */; };
		342F6C27342F6C2700000016 /* start.c in Sources */ = {isa = PBXBuildFile; fileRef = 342F6C27342F6C2700000017 /* start.c */; };
		342F6C27342F6C2700000018 /* json.c in Sources */ = {isa = PBXBuildFile; fileRef = 342F6C27342F6C2700000019 /* json.c */; };
		342F6C27342F6C270000001A /* cryptLib.c in Sources */ = {isa = PBXBuildFile; fileRef = 342F6C27342F6C270000001B /* cryptLib.c */; };
		342F6C27342F6C270000001C /* dbLib.c in Sources */ = {isa = PBXBuildFile; fileRef = 342F6C27342F6C270000001D /* dbLib.c */; };
		342F6C27342F6C270000001E /* iotoLib.c in Sources */ = {isa = PBXBuildFile; fileRef = 342F6C27342F6C270000001F /* iotoLib.c */; };
		342F6C27342F6C2700000020 /* jsonLib.c in Sources */ = {isa = PBXBuildFile; fileRef = 342F6C27342F6C2700000021 /* jsonLib.c */; };
		342F6C27342F6C2700000022 /* mqttLib.c in Sources */ = {isa = PBXBuildFile; fileRef = 342F6C27342F6C2700000023 /* mqttLib.c */; };
		342F6C27342F6C2700000024 /* openaiLib.c in Sources */ = {isa = PBXBuildFile; fileRef = 342F6C27342F6C2700000025 /* openaiLib.c */; };
		342F6C27342F6C2700000026 /* rLib.c in Sources */ = {isa = PBXBuildFile; fileRef = 342F6C27342F6C2700000027 /* rLib.c */; };
		342F6C27342F6C2700000028 /* uctxAssembly.S in Sources */ = {isa = PBXBuildFile; fileRef = 342F6C27342F6C2700000029 /* uctxAssembly.S */; };
		342F6C27342F6C270000002A /* uctxLib.c in Sources */ = {isa = PBXBuildFile; fileRef = 342F6C27342F6C270000002B /* uctxLib.c */; };
		342F6C27342F6C270000002C /* urlLib.c in Sources */ = {isa = PBXBuildFile; fileRef = 342F6C27342F6C270000002D /* urlLib.c */; };
		342F6C27342F6C270000002E /* webLib.c in Sources */ = {isa = PBXBuildFile; fileRef = 342F6C27342F6C270000002F /* webLib.c */; };
		342F6C27342F6C2700000030 /* websocketsLib.c in Sources */ = {isa = PBXBuildFile; fileRef = 342F6C27342F6C2700000031 /* websocketsLib.c */; };
		342F6C27342F6C2700000032 /* password.c in Sources */ = {isa = PBXBuildFile; fileRef = 342F6C27342F6C2700000033 /* password.c */; };
		342F6C27342F6C2700000034 /* web.c in Sources */ = {isa = PBXBuildFile; fileRef = 342F6C27342F6C2700000035 /* web.c */; };
		342F6C27342F6C2700000036 /* libioto.a for db */ = {isa = PBXBuildFile; fileRef = 342F6C27342F6C2700000037; };
		342F6C27342F6C2700000038 /* libioto.a for ioto */ = {isa = PBXBuildFile; fileRef = 342F6C27342F6C2700000037; };
		342F6C27342F6C2700000039 /* libioto.a for json */ = {isa = PBXBuildFile; fileRef = 342F6C27342F6C2700000037; };
		342F6C27342F6C270000003A /* libioto.a for password */ = {isa = PBXBuildFile; fileRef = 342F6C27342F6C2700000037; };
		342F6C27342F6C270000003B /* libioto.a for webserver */ = {isa = PBXBuildFile; fileRef = 342F6C27342F6C2700000037; };
/* End PBXBuildFile section */

/* Begin PBXContainerItemProxy section */
		342F6C27342F6C270000003C /* PBXContainerItemProxy Prep from db */ = {
    			isa = PBXContainerItemProxy;
    			containerPortal = 342F6C27342F6C2700000001 /* Project object */;
    			proxyType = 1;
    			remoteGlobalIDString = 342F6C27342F6C2700000010;
    			remoteInfo = Prep;
    		};
		342F6C27342F6C270000003D /* PBXContainerItemProxy libioto from db */ = {
    			isa = PBXContainerItemProxy;
    			containerPortal = 342F6C27342F6C2700000001 /* Project object */;
    			proxyType = 1;
    			remoteGlobalIDString = 342F6C27342F6C270000003E;
    			remoteInfo = libioto;
    		};
		342F6C27342F6C270000003F /* PBXContainerItemProxy Prep from ioto */ = {
    			isa = PBXContainerItemProxy;
    			containerPortal = 342F6C27342F6C2700000001 /* Project object */;
    			proxyType = 1;
    			remoteGlobalIDString = 342F6C27342F6C2700000010;
    			remoteInfo = Prep;
    		};
		342F6C27342F6C2700000040 /* PBXContainerItemProxy libioto from ioto */ = {
    			isa = PBXContainerItemProxy;
    			containerPortal = 342F6C27342F6C2700000001 /* Project object */;
    			proxyType = 1;
    			remoteGlobalIDString = 342F6C27342F6C270000003E;
    			remoteInfo = libioto;
    		};
		342F6C27342F6C2700000041 /* PBXContainerItemProxy Prep from json */ = {
    			isa = PBXContainerItemProxy;
    			containerPortal = 342F6C27342F6C2700000001 /* Project object */;
    			proxyType = 1;
    			remoteGlobalIDString = 342F6C27342F6C2700000010;
    			remoteInfo = Prep;
    		};
		342F6C27342F6C2700000042 /* PBXContainerItemProxy libioto from json */ = {
    			isa = PBXContainerItemProxy;
    			containerPortal = 342F6C27342F6C2700000001 /* Project object */;
    			proxyType = 1;
    			remoteGlobalIDString = 342F6C27342F6C270000003E;
    			remoteInfo = libioto;
    		};
		342F6C27342F6C2700000043 /* PBXContainerItemProxy Prep from libioto */ = {
    			isa = PBXContainerItemProxy;
    			containerPortal = 342F6C27342F6C2700000001 /* Project object */;
    			proxyType = 1;
    			remoteGlobalIDString = 342F6C27342F6C2700000010;
    			remoteInfo = Prep;
    		};
		342F6C27342F6C2700000044 /* PBXContainerItemProxy Prep from password */ = {
    			isa = PBXContainerItemProxy;
    			containerPortal = 342F6C27342F6C2700000001 /* Project object */;
    			proxyType = 1;
    			remoteGlobalIDString = 342F6C27342F6C2700000010;
    			remoteInfo = Prep;
    		};
		342F6C27342F6C2700000045 /* PBXContainerItemProxy libioto from password */ = {
    			isa = PBXContainerItemProxy;
    			containerPortal = 342F6C27342F6C2700000001 /* Project object */;
    			proxyType = 1;
    			remoteGlobalIDString = 342F6C27342F6C270000003E;
    			remoteInfo = libioto;
    		};
		342F6C27342F6C2700000046 /* PBXContainerItemProxy Prep from webserver */ = {
    			isa = PBXContainerItemProxy;
    			containerPortal = 342F6C27342F6C2700000001 /* Project object */;
    			proxyType = 1;
    			remoteGlobalIDString = 342F6C27342F6C2700000010;
    			remoteInfo = Prep;
    		};
		342F6C27342F6C2700000047 /* PBXContainerItemProxy libioto from webserver */ = {
    			isa = PBXContainerItemProxy;
    			containerPortal = 342F6C27342F6C2700000001 /* Project object */;
    			proxyType = 1;
    			remoteGlobalIDString = 342F6C27342F6C270000003E;
    			remoteInfo = libioto;
    		};
		342F6C27342F6C2700000048 /* PBXContainerItemProxy Prep from All */ = {
    			isa = PBXContainerItemProxy;
    			containerPortal = 342F6C27342F6C2700000001 /* Project object */;
    			proxyType = 1;
    			remoteGlobalIDString = 342F6C27342F6C2700000010;
    			remoteInfo = Prep;
    		};
		342F6C27342F6C2700000049 /* PBXContainerItemProxy libioto from All */ = {
    			isa = PBXContainerItemProxy;
    			containerPortal = 342F6C27342F6C2700000001 /* Project object */;
    			proxyType = 1;
    			remoteGlobalIDString = 342F6C27342F6C270000003E;
    			remoteInfo = libioto;
    		};
		342F6C27342F6C270000004A /* PBXContainerItemProxy db from All */ = {
    			isa = PBXContainerItemProxy;
    			containerPortal = 342F6C27342F6C2700000001 /* Project object */;
    			proxyType = 1;
    			remoteGlobalIDString = 342F6C27342F6C270000004B;
    			remoteInfo = db;
    		};
		342F6C27342F6C270000004C /* PBXContainerItemProxy ioto from All */ = {
    			isa = PBXContainerItemProxy;
    			containerPortal = 342F6C27342F6C2700000001 /* Project object */;
    			proxyType = 1;
    			remoteGlobalIDString = 342F6C27342F6C270000004D;
    			remoteInfo = ioto;
    		};
		342F6C27342F6C270000004E /* PBXContainerItemProxy json from All */ = {
    			isa = PBXContainerItemProxy;
    			containerPortal = 342F6C27342F6C2700000001 /* Project object */;
    			proxyType = 1;
    			remoteGlobalIDString = 342F6C27342F6C270000004F;
    			remoteInfo = json;
    		};
		342F6C27342F6C2700000050 /* PBXContainerItemProxy password from All */ = {
    			isa = PBXContainerItemProxy;
    			containerPortal = 342F6C27342F6C2700000001 /* Project object */;
    			proxyType = 1;
    			remoteGlobalIDString = 342F6C27342F6C2700000051;
    			remoteInfo = password;
    		};
		342F6C27342F6C2700000052 /* PBXContainerItemProxy webserver from All */ = {
    			isa = PBXContainerItemProxy;
    			containerPortal = 342F6C27342F6C2700000001 /* Project object */;
    			proxyType = 1;
    			remoteGlobalIDString = 342F6C27342F6C2700000053;
    			remoteInfo = webserver;
    		};
/* End PBXContainerItemProxy section */

/* Begin PBXFileReference section */
		342F6C27342F6C2700000013 /* db.c */ = {isa = PBXFileReference; fileEncoding = 4; lastKnownFileType = sourcecode.c.c; name = db.c; path = cmds/db.c; sourceTree = "<group>"; };
		342F6C27342F6C2700000054 /* r.h */ = {isa = PBXFileReference; fileEncoding = 4; lastKnownFileType = sourcecode.c.h; name = r.h; path = build/macosx-arm64-default/inc/r.h; sourceTree = "<group>"; };
		342F6C27342F6C2700000055 /* db.h */ = {isa = PBXFileReference; fileEncoding = 4; lastKnownFileType = sourcecode.c.h; name = db.h; path = build/macosx-arm64-default/inc/db.h; sourceTree = "<group>"; };
		342F6C27342F6C2700000056 /* db */ = {isa = PBXFileReference; explicitFileType = "compiled.mach-o.executable"; includeInIndex = 0; path = db; sourceTree = BUILT_PRODUCTS_DIR; };
		342F6C27342F6C2700000015 /* main.c */ = {isa = PBXFileReference; fileEncoding = 4; lastKnownFileType = sourcecode.c.c; name = main.c; path = cmds/main.c; sourceTree = "<group>"; };
		342F6C27342F6C2700000057 /* ioto.h */ = {isa = PBXFileReference; fileEncoding = 4; lastKnownFileType = sourcecode.c.h; name = ioto.h; path = build/macosx-arm64-default/inc/ioto.h; sourceTree = "<group>"; };
		342F6C27342F6C2700000017 /* start.c */ = {isa = PBXFileReference; fileEncoding = 4; lastKnownFileType = sourcecode.c.c; name = start.c; path = cmds/start.c; sourceTree = "<group>"; };
		342F6C27342F6C2700000058 /* ioto */ = {isa = PBXFileReference; explicitFileType = "compiled.mach-o.executable"; includeInIndex = 0; path = ioto; sourceTree = BUILT_PRODUCTS_DIR; };
		342F6C27342F6C2700000019 /* json.c */ = {isa = PBXFileReference; fileEncoding = 4; lastKnownFileType = sourcecode.c.c; name = json.c; path = cmds/json.c; sourceTree = "<group>"; };
		342F6C27342F6C2700000059 /* osdep.h */ = {isa = PBXFileReference; fileEncoding = 4; lastKnownFileType = sourcecode.c.h; name = osdep.h; path = build/macosx-arm64-default/inc/osdep.h; sourceTree = "<group>"; };
		342F6C27342F6C270000005A /* json.h */ = {isa = PBXFileReference; fileEncoding = 4; lastKnownFileType = sourcecode.c.h; name = json.h; path = build/macosx-arm64-default/inc/json.h; sourceTree = "<group>"; };
		342F6C27342F6C270000005B /* json */ = {isa = PBXFileReference; explicitFileType = "compiled.mach-o.executable"; includeInIndex = 0; path = json; sourceTree = BUILT_PRODUCTS_DIR; };
		342F6C27342F6C270000001B /* cryptLib.c */ = {isa = PBXFileReference; fileEncoding = 4; lastKnownFileType = sourcecode.c.c; name = cryptLib.c; path = lib/cryptLib.c; sourceTree = "<group>"; };
		342F6C27342F6C270000005C /* crypt.h */ = {isa = PBXFileReference; fileEncoding = 4; lastKnownFileType = sourcecode.c.h; name = crypt.h; path = build/macosx-arm64-default/inc/crypt.h; sourceTree = "<group>"; };
		342F6C27342F6C270000001D /* dbLib.c */ = {isa = PBXFileReference; fileEncoding = 4; lastKnownFileType = sourcecode.c.c; name = dbLib.c; path = lib/dbLib.c; sourceTree = "<group>"; };
		342F6C27342F6C270000001F /* iotoLib.c */ = {isa = PBXFileReference; fileEncoding = 4; lastKnownFileType = sourcecode.c.c; name = iotoLib.c; path = lib/iotoLib.c; sourceTree = "<group>"; };
		342F6C27342F6C2700000021 /* jsonLib.c */ = {isa = PBXFileReference; fileEncoding = 4; lastKnownFileType = sourcecode.c.c; name = jsonLib.c; path = lib/jsonLib.c; sourceTree = "<group>"; };
		342F6C27342F6C2700000023 /* mqttLib.c */ = {isa = PBXFileReference; fileEncoding = 4; lastKnownFileType = sourcecode.c.c; name = mqttLib.c; path = lib/mqttLib.c; sourceTree = "<group>"; };
		342F6C27342F6C270000005D /* mqtt.h */ = {isa = PBXFileReference; fileEncoding = 4; lastKnownFileType = sourcecode.c.h; name = mqtt.h; path = build/macosx-arm64-default/inc/mqtt.h; sourceTree = "<group>"; };
		342F6C27342F6C2700000025 /* openaiLib.c */ = {isa = PBXFileReference; fileEncoding = 4; lastKnownFileType = sourcecode.c.c; name = openaiLib.c; path = lib/openaiLib.c; sourceTree = "<group>"; };
		342F6C27342F6C270000005E /* openai.h */ = {isa = PBXFileReference; fileEncoding = 4; lastKnownFileType = sourcecode.c.h; name = openai.h; path = build/macosx-arm64-default/inc/openai.h; sourceTree = "<group>"; };
		342F6C27342F6C2700000027 /* rLib.c */ = {isa = PBXFileReference; fileEncoding = 4; lastKnownFileType = sourcecode.c.c; name = rLib.c; path = lib/rLib.c; sourceTree = "<group>"; };
		342F6C27342F6C2700000029 /* uctxAssembly.S */ = {isa = PBXFileReference; fileEncoding = 4; lastKnownFileType = sourcecode.S.S; name = uctxAssembly.S; path = lib/uctxAssembly.S; sourceTree = "<group>"; };
		342F6C27342F6C270000005F /* uctx-os.h */ = {isa = PBXFileReference; fileEncoding = 4; lastKnownFileType = sourcecode.c.h; name = uctx-os.h; path = build/macosx-arm64-default/inc/uctx-os.h; sourceTree = "<group>"; };
		342F6C27342F6C2700000060 /* uctx-defs.h */ = {isa = PBXFileReference; fileEncoding = 4; lastKnownFileType = sourcecode.c.h; name = uctx-defs.h; path = build/macosx-arm64-default/inc/uctx-defs.h; sourceTree = "<group>"; };
		342F6C27342F6C270000002B /* uctxLib.c */ = {isa = PBXFileReference; fileEncoding = 4; lastKnownFileType = sourcecode.c.c; name = uctxLib.c; path = lib/uctxLib.c; sourceTree = "<group>"; };
		342F6C27342F6C2700000061 /* uctx.h */ = {isa = PBXFileReference; fileEncoding = 4; lastKnownFileType = sourcecode.c.h; name = uctx.h; path = build/macosx-arm64-default/inc/uctx.h; sourceTree = "<group>"; };
		342F6C27342F6C270000002D /* urlLib.c */ = {isa = PBXFileReference; fileEncoding = 4; lastKnownFileType = sourcecode.c.c; name = urlLib.c; path = lib/urlLib.c; sourceTree = "<group>"; };
		342F6C27342F6C2700000062 /* url.h */ = {isa = PBXFileReference; fileEncoding = 4; lastKnownFileType = sourcecode.c.h; name = url.h; path = build/macosx-arm64-default/inc/url.h; sourceTree = "<group>"; };
		342F6C27342F6C2700000063 /* websockets.h */ = {isa = PBXFileReference; fileEncoding = 4; lastKnownFileType = sourcecode.c.h; name = websockets.h; path = build/macosx-arm64-default/inc/websockets.h; sourceTree = "<group>"; };
		342F6C27342F6C270000002F /* webLib.c */ = {isa = PBXFileReference; fileEncoding = 4; lastKnownFileType = sourcecode.c.c; name = webLib.c; path = lib/webLib.c; sourceTree = "<group>"; };
		342F6C27342F6C2700000064 /* web.h */ = {isa = PBXFileReference; fileEncoding = 4; lastKnownFileType = sourcecode.c.h; name = web.h; path = build/macosx-arm64-default/inc/web.h; sourceTree = "<group>"; };
		342F6C27342F6C2700000031 /* websocketsLib.c */ = {isa = PBXFileReference; fileEncoding = 4; lastKnownFileType = sourcecode.c.c; name = websocketsLib.c; path = lib/websocketsLib.c; sourceTree = "<group>"; };
		342F6C27342F6C2700000037 /* libioto */ = {isa = PBXFileReference; explicitFileType = "compiled.mach-o.dylib"; includeInIndex = 0; path = libioto.a; sourceTree = BUILT_PRODUCTS_DIR; };
		342F6C27342F6C2700000033 /* password.c */ = {isa = PBXFileReference; fileEncoding = 4; lastKnownFileType = sourcecode.c.c; name = password.c; path = cmds/password.c; sourceTree = "<group>"; };
		342F6C27342F6C2700000065 /* password */ = {isa = PBXFileReference; explicitFileType = "compiled.mach-o.executable"; includeInIndex = 0; path = password; sourceTree = BUILT_PRODUCTS_DIR; };
		342F6C27342F6C2700000035 /* web.c */ = {isa = PBXFileReference; fileEncoding = 4; lastKnownFileType = sourcecode.c.c; name = web.c; path = cmds/web.c; sourceTree = "<group>"; };
		342F6C27342F6C2700000066 /* webserver */ = {isa = PBXFileReference; explicitFileType = "compiled.mach-o.executable"; includeInIndex = 0; path = webserver; sourceTree = BUILT_PRODUCTS_DIR; };
/* End PBXFileReference section */

/* Begin PBXFrameworksBuildPhase section */
		342F6C27342F6C2700000067 /* Frameworks and Libraries for db */ = {
                isa = PBXFrameworksBuildPhase;
                buildActionMask = 2147483647;
                files = (
    				342F6C27342F6C2700000036 /* libioto */,				
                );
                runOnlyForDeploymentPostprocessing = 0;
            };
		342F6C27342F6C2700000068 /* Frameworks and Libraries for ioto */ = {
                isa = PBXFrameworksBuildPhase;
                buildActionMask = 2147483647;
                files = (
    				342F6C27342F6C2700000038 /* libioto */,				
                );
                runOnlyForDeploymentPostprocessing = 0;
            };
		342F6C27342F6C2700000069 /* Frameworks and Libraries for json */ = {
                isa = PBXFrameworksBuildPhase;
                buildActionMask = 2147483647;
                files = (
    				342F6C27342F6C2700000039 /* libioto */,				
                );
                runOnlyForDeploymentPostprocessing = 0;
            };
		342F6C27342F6C270000006A /* Frameworks and Libraries for libioto */ = {
                isa = PBXFrameworksBuildPhase;
                buildActionMask = 2147483647;
                files = (
    				
                );
                runOnlyForDeploymentPostprocessing = 0;
            };
		342F6C27342F6C270000006B /* Frameworks and Libraries for password */ = {
                isa = PBXFrameworksBuildPhase;
                buildActionMask = 2147483647;
                files = (
    				342F6C27342F6C270000003A /* libioto */,				
                );
                runOnlyForDeploymentPostprocessing = 0;
            };
		342F6C27342F6C270000006C /* Frameworks and Libraries for webserver */ = {
                isa = PBXFrameworksBuildPhase;
                buildActionMask = 2147483647;
                files = (
    				342F6C27342F6C270000003B /* libioto */,				
                );
                runOnlyForDeploymentPostprocessing = 0;
            };
/* End PBXFrameworksBuildPhase section */

/* Begin PBXGroup section */
		342F6C27342F6C270000006D /* Top Group */ = {
                isa = PBXGroup;
                children = (
				342F6C27342F6C270000006E /* libioto */,
				342F6C27342F6C270000006F /* db */,
				342F6C27342F6C2700000070 /* ioto */,
				342F6C27342F6C2700000071 /* json */,
				342F6C27342F6C2700000072 /* password */,
				342F6C27342F6C2700000073 /* webserver */,
				342F6C27342F6C2700000074 /* Products */,
			);
                sourceTree = "<group>";
            };
		342F6C27342F6C270000006F /* db */ = {
                isa = PBXGroup;
                children = (
				342F6C27342F6C2700000013 /* db.c */,
			);
                name = "db";
                path = ..;
                sourceTree = SOURCE_ROOT;
            };
		342F6C27342F6C2700000070 /* ioto */ = {
                isa = PBXGroup;
                children = (
				342F6C27342F6C2700000015 /* main.c */,
				342F6C27342F6C2700000017 /* start.c */,
			);
                name = "ioto";
                path = ..;
                sourceTree = SOURCE_ROOT;
            };
		342F6C27342F6C2700000071 /* json */ = {
                isa = PBXGroup;
                children = (
				342F6C27342F6C2700000019 /* json.c */,
			);
                name = "json";
                path = ..;
                sourceTree = SOURCE_ROOT;
            };
		342F6C27342F6C270000006E /* libioto */ = {
                isa = PBXGroup;
                children = (
				342F6C27342F6C270000005C /* crypt.h */,
				342F6C27342F6C2700000055 /* db.h */,
				342F6C27342F6C2700000057 /* ioto.h */,
				342F6C27342F6C270000005A /* json.h */,
				342F6C27342F6C270000005D /* mqtt.h */,
				342F6C27342F6C270000005E /* openai.h */,
				342F6C27342F6C2700000054 /* r.h */,
				342F6C27342F6C270000005F /* uctx-os.h */,
				342F6C27342F6C2700000060 /* uctx-defs.h */,
				342F6C27342F6C2700000061 /* uctx.h */,
				342F6C27342F6C2700000062 /* url.h */,
				342F6C27342F6C2700000063 /* websockets.h */,
				342F6C27342F6C2700000064 /* web.h */,
				342F6C27342F6C270000001B /* cryptLib.c */,
				342F6C27342F6C270000001D /* dbLib.c */,
				342F6C27342F6C270000001F /* iotoLib.c */,
				342F6C27342F6C2700000021 /* jsonLib.c */,
				342F6C27342F6C2700000023 /* mqttLib.c */,
				342F6C27342F6C2700000025 /* openaiLib.c */,
				342F6C27342F6C2700000027 /* rLib.c */,
				342F6C27342F6C2700000029 /* uctxAssembly.S */,
				342F6C27342F6C270000002B /* uctxLib.c */,
				342F6C27342F6C270000002D /* urlLib.c */,
				342F6C27342F6C270000002F /* webLib.c */,
				342F6C27342F6C2700000031 /* websocketsLib.c */,
			);
                name = "libioto";
                path = ..;
                sourceTree = SOURCE_ROOT;
            };
		342F6C27342F6C2700000072 /* password */ = {
                isa = PBXGroup;
                children = (
				342F6C27342F6C2700000033 /* password.c */,
			);
                name = "password";
                path = ..;
                sourceTree = SOURCE_ROOT;
            };
		342F6C27342F6C2700000073 /* webserver */ = {
                isa = PBXGroup;
                children = (
				342F6C27342F6C2700000035 /* web.c */,
			);
                name = "webserver";
                path = ..;
                sourceTree = SOURCE_ROOT;
            };
		342F6C27342F6C2700000074 /* Products */ = {
                isa = PBXGroup;
                children = (
				342F6C27342F6C2700000056 /* db */,
				342F6C27342F6C2700000058 /* ioto */,
				342F6C27342F6C270000005B /* json */,
				342F6C27342F6C2700000037 /* libioto */,
				342F6C27342F6C2700000065 /* password */,
				342F6C27342F6C2700000066 /* webserver */,
			);
                name = "Products";
                path = ..;
                sourceTree = SOURCE_ROOT;
            };
/* End PBXGroup section */

/* Begin PBXNativeTarget section */
		342F6C27342F6C270000004B /* db */ = {
    			isa = PBXNativeTarget;
    			buildConfigurationList = 342F6C27342F6C2700000076 /* Build configuration list for PBXNativeTarget "db" */;
    			buildPhases = (
    				342F6C27342F6C2700000075 /* Sources */,
    				342F6C27342F6C2700000067 /* Frameworks */,
    			);
    			buildRules = (
    			);
    			dependencies = (
    				342F6C27342F6C2700000077 /* Prep */,
				342F6C27342F6C2700000078 /* libioto */,				
    			);
    			name = db;
    			productName = ioto;
    			productReference = 342F6C27342F6C2700000056 /* db */;
    			productType = "com.apple.product-type.tool";
    		};
		342F6C27342F6C270000004D /* ioto */ = {
    			isa = PBXNativeTarget;
    			buildConfigurationList = 342F6C27342F6C270000007A /* Build configuration list for PBXNativeTarget "ioto" */;
    			buildPhases = (
    				342F6C27342F6C2700000079 /* Sources */,
    				342F6C27342F6C2700000068 /* Frameworks */,
    			);
    			buildRules = (
    			);
    			dependencies = (
    				342F6C27342F6C270000007B /* Prep */,
				342F6C27342F6C270000007C /* libioto */,				
    			);
    			name = ioto;
    			productName = ioto;
    			productReference = 342F6C27342F6C2700000058 /* ioto */;
    			productType = "com.apple.product-type.tool";
    		};
		342F6C27342F6C270000004F /* json */ = {
    			isa = PBXNativeTarget;
    			buildConfigurationList = 342F6C27342F6C270000007E /* Build configuration list for PBXNativeTarget "json" */;
    			buildPhases = (
    				342F6C27342F6C270000007D /* Sources */,
    				342F6C27342F6C2700000069 /* Frameworks */,
    			);
    			buildRules = (
    			);
    			dependencies = (
    				342F6C27342F6C270000007F /* Prep */,
				342F6C27342F6C2700000080 /* libioto */,				
    			);
    			name = json;
    			productName = ioto;
    			productReference = 342F6C27342F6C270000005B /* json */;
    			productType = "com.apple.product-type.tool";
    		};
		342F6C27342F6C270000003E /* libioto */ = {
    			isa = PBXNativeTarget;
    			buildConfigurationList = 342F6C27342F6C2700000082 /* Build configuration list for PBXNativeTarget "libioto" */;
    			buildPhases = (
    				342F6C27342F6C2700000081 /* Sources */,
    				342F6C27342F6C270000006A /* Frameworks */,
    			);
    			buildRules = (
    			);
    			dependencies = (
    				342F6C27342F6C2700000083 /* Prep */,				
    			);
    			name = libioto;
    			productName = ioto;
    			productReference = 342F6C27342F6C2700000037 /* libioto */;
    			productType = "com.apple.product-type.library.dynamic";
    		};
		342F6C27342F6C2700000051 /* password */ = {
    			isa = PBXNativeTarget;
    			buildConfigurationList = 342F6C27342F6C2700000085 /* Build configuration list for PBXNativeTarget "password" */;
    			buildPhases = (
    				342F6C27342F6C2700000084 /* Sources */,
    				342F6C27342F6C270000006B /* Frameworks */,
    			);
    			buildRules = (
    			);
    			dependencies = (
    				342F6C27342F6C2700000086 /* Prep */,
				342F6C27342F6C2700000087 /* libioto */,				
    			);
    			name = password;
    			productName = ioto;
    			productReference = 342F6C27342F6C2700000065 /* password */;
    			productType = "com.apple.product-type.tool";
    		};
		342F6C27342F6C2700000053 /* webserver */ = {
    			isa = PBXNativeTarget;
    			buildConfigurationList = 342F6C27342F6C2700000089 /* Build configuration list for PBXNativeTarget "webserver" */;
    			buildPhases = (
    				342F6C27342F6C2700000088 /* Sources */,
    				342F6C27342F6C270000006C /* Frameworks */,
    			);
    			buildRules = (
    			);
    			dependencies = (
    				342F6C27342F6C270000008A /* Prep */,
				342F6C27342F6C270000008B /* libioto */,				
    			);
    			name = webserver;
    			productName = ioto;
    			productReference = 342F6C27342F6C2700000066 /* webserver */;
    			productType = "com.apple.product-type.tool";
    		};
/* End PBXNativeTarget section */

/* Begin PBXShellScriptBuildPhase section */
		342F6C27342F6C2700000011 /* ShellScript for Prep */ = {
    			isa = PBXShellScriptBuildPhase;
    			buildActionMask = 2147483647;
    			files = (
    			);
    			inputPaths = (
    
    			);
    			outputPaths = (
    ../build/macosx-arm64-default/inc/me.h
    			);
    			runOnlyForDeploymentPostprocessing = 0;
    			shellPath = /bin/bash;
    			shellScript = "PATH=$PATH:/usr/local/bin
[ ! -x ${INC_DIR} ] && mkdir -p ${INC_DIR} ${OBJ_DIR} ${LIB_DIR} ${BIN_DIR}
[ ! -f ${INC_DIR}/me.h -a -f ioto-macosx-default-me.h ] && cp ioto-macosx-default-me.h ${INC_DIR}/me.h
if [ -f ioto-macosx-default-me.h ] ; then
if ! diff ${INC_DIR}/me.h ioto-macosx-default-me.h >/dev/null 2>&1 ; then
cp ioto-macosx-default-me.h ${INC_DIR}/me.h
fi
fi
if [ ../include/crypt.h -nt ${OUT_DIR}/inc/crypt.h ] ; then
cp ../include/crypt.h ${OUT_DIR}/inc/crypt.h
fi
if [ ../include/db.h -nt ${OUT_DIR}/inc/db.h ] ; then
cp ../include/db.h ${OUT_DIR}/inc/db.h
fi
if [ ../include/ioto-config.h -nt ${OUT_DIR}/inc/ioto-config.h ] ; then
cp ../include/ioto-config.h ${OUT_DIR}/inc/ioto-config.h
fi
if [ ../include/ioto.h -nt ${OUT_DIR}/inc/ioto.h ] ; then
cp ../include/ioto.h ${OUT_DIR}/inc/ioto.h
fi
if [ ../include/json.h -nt ${OUT_DIR}/inc/json.h ] ; then
cp ../include/json.h ${OUT_DIR}/inc/json.h
fi
if [ ../include/me.h -nt ${OUT_DIR}/inc/me.h ] ; then
cp ../include/me.h ${OUT_DIR}/inc/me.h
fi
if [ ../include/mqtt.h -nt ${OUT_DIR}/inc/mqtt.h ] ; then
cp ../include/mqtt.h ${OUT_DIR}/inc/mqtt.h
fi
if [ ../include/openai.h -nt ${OUT_DIR}/inc/openai.h ] ; then
cp ../include/openai.h ${OUT_DIR}/inc/openai.h
fi
if [ ../include/osdep.h -nt ${OUT_DIR}/inc/osdep.h ] ; then
cp ../include/osdep.h ${OUT_DIR}/inc/osdep.h
fi
if [ ../include/r.h -nt ${OUT_DIR}/inc/r.h ] ; then
cp ../include/r.h ${OUT_DIR}/inc/r.h
fi
if [ ../include/uctx-defs.h -nt ${OUT_DIR}/inc/uctx-defs.h ] ; then
cp ../include/uctx-defs.h ${OUT_DIR}/inc/uctx-defs.h
fi
if [ ../include/uctx-os.h -nt ${OUT_DIR}/inc/uctx-os.h ] ; then
cp ../include/uctx-os.h ${OUT_DIR}/inc/uctx-os.h
fi
if [ ../include/uctx.h -nt ${OUT_DIR}/inc/uctx.h ] ; then
cp ../include/uctx.h ${OUT_DIR}/inc/uctx.h
fi
if [ ../include/url.h -nt ${OUT_DIR}/inc/url.h ] ; then
cp ../include/url.h ${OUT_DIR}/inc/url.h
fi
if [ ../include/web.h -nt ${OUT_DIR}/inc/web.h ] ; then
cp ../include/web.h ${OUT_DIR}/inc/web.h
fi
if [ ../include/websockets.h -nt ${OUT_DIR}/inc/websockets.h ] ; then
cp ../include/websockets.h ${OUT_DIR}/inc/websockets.h
fi
if [ ../include/crypt.h -nt ${OUT_DIR}/inc/crypt.h ] ; then
cp ../include/crypt.h ${OUT_DIR}/inc/crypt.h
fi
if [ ../include/db.h -nt ${OUT_DIR}/inc/db.h ] ; then
cp ../include/db.h ${OUT_DIR}/inc/db.h
fi
if [ ../include/ioto-config.h -nt ${OUT_DIR}/inc/ioto-config.h ] ; then
cp ../include/ioto-config.h ${OUT_DIR}/inc/ioto-config.h
fi
if [ ../include/ioto.h -nt ${OUT_DIR}/inc/ioto.h ] ; then
cp ../include/ioto.h ${OUT_DIR}/inc/ioto.h
fi
if [ ../include/json.h -nt ${OUT_DIR}/inc/json.h ] ; then
cp ../include/json.h ${OUT_DIR}/inc/json.h
fi
if [ ../include/me.h -nt ${OUT_DIR}/inc/me.h ] ; then
cp ../include/me.h ${OUT_DIR}/inc/me.h
fi
if [ ../include/mqtt.h -nt ${OUT_DIR}/inc/mqtt.h ] ; then
cp ../include/mqtt.h ${OUT_DIR}/inc/mqtt.h
fi
if [ ../include/openai.h -nt ${OUT_DIR}/inc/openai.h ] ; then
cp ../include/openai.h ${OUT_DIR}/inc/openai.h
fi
if [ ../include/osdep.h -nt ${OUT_DIR}/inc/osdep.h ] ; then
cp ../include/osdep.h ${OUT_DIR}/inc/osdep.h
fi
if [ ../include/r.h -nt ${OUT_DIR}/inc/r.h ] ; then
cp ../include/r.h ${OUT_DIR}/inc/r.h
fi
if [ ../include/uctx-defs.h -nt ${OUT_DIR}/inc/uctx-defs.h ] ; then
cp ../include/uctx-defs.h ${OUT_DIR}/inc/uctx-defs.h
fi
if [ ../include/uctx-os.h -nt ${OUT_DIR}/inc/uctx-os.h ] ; then
cp ../include/uctx-os.h ${OUT_DIR}/inc/uctx-os.h
fi
if [ ../include/uctx.h -nt ${OUT_DIR}/inc/uctx.h ] ; then
cp ../include/uctx.h ${OUT_DIR}/inc/uctx.h
fi
if [ ../include/url.h -nt ${OUT_DIR}/inc/url.h ] ; then
cp ../include/url.h ${OUT_DIR}/inc/url.h
fi
if [ ../include/web.h -nt ${OUT_DIR}/inc/web.h ] ; then
cp ../include/web.h ${OUT_DIR}/inc/web.h
fi
if [ ../include/websockets.h -nt ${OUT_DIR}/inc/websockets.h ] ; then
cp ../include/websockets.h ${OUT_DIR}/inc/websockets.h
fi
";
    		};
/* End PBXShellScriptBuildPhase section */

    /* Begin PBXProject section */
    		342F6C27342F6C2700000001 /* Project object */ = {
    			isa = PBXProject;
    			attributes = {
    				LastUpgradeCheck = 0430;
    				ORGANIZATIONNAME = "embedthis";
    			};
    			buildConfigurationList = 342F6C27342F6C2700000002 /* Build configuration list for PBXProject "ioto" */;
    			compatibilityVersion = "Xcode 3.2";
    			developmentRegion = English;
    			hasScannedForEncodings = 0;
    			knownRegions = (
    				en,
    			);
    			mainGroup = 342F6C27342F6C270000006D;
    			productRefGroup = 342F6C27342F6C2700000074 /* Products */;
    			projectDirPath = "";
    			projectRoot = "";
    			targets = (
				342F6C27342F6C2700000006 /* All */,
				342F6C27342F6C2700000010 /* Prep */,
				342F6C27342F6C270000003E /* libioto */,
				342F6C27342F6C270000004B /* db */,
				342F6C27342F6C270000004D /* ioto */,
				342F6C27342F6C270000004F /* json */,
				342F6C27342F6C2700000051 /* password */,
				342F6C27342F6C2700000053 /* webserver */,
			);
    		};
    /* End PBXProject section */

/* Begin PBXSourcesBuildPhase section */
		342F6C27342F6C2700000075 /* db Sources */ = {
    			isa = PBXSourcesBuildPhase;
    			buildActionMask = 2147483647;
    			files = (
    				342F6C27342F6C2700000012 /* db.c in Sources */,
    			);
    			runOnlyForDeploymentPostprocessing = 0;
    		};
		342F6C27342F6C2700000079 /* ioto Sources */ = {
    			isa = PBXSourcesBuildPhase;
    			buildActionMask = 2147483647;
    			files = (
    				342F6C27342F6C2700000014 /* main.c in Sources */,
				342F6C27342F6C2700000016 /* start.c in Sources */,
    			);
    			runOnlyForDeploymentPostprocessing = 0;
    		};
		342F6C27342F6C270000007D /* json Sources */ = {
    			isa = PBXSourcesBuildPhase;
    			buildActionMask = 2147483647;
    			files = (
    				342F6C27342F6C2700000018 /* json.c in Sources */,
    			);
    			runOnlyForDeploymentPostprocessing = 0;
    		};
		342F6C27342F6C2700000081 /* libioto Sources */ = {
    			isa = PBXSourcesBuildPhase;
    			buildActionMask = 2147483647;
    			files = (
    				342F6C27342F6C270000001A /* cryptLib.c in Sources */,
				342F6C27342F6C270000001C /* dbLib.c in Sources */,
				342F6C27342F6C270000001E /* iotoLib.c in Sources */,
				342F6C27342F6C2700000020 /* jsonLib.c in Sources */,
				342F6C27342F6C2700000022 /* mqttLib.c in Sources */,
				342F6C27342F6C2700000024 /* openaiLib.c in Sources */,
				342F6C27342F6C2700000026 /* rLib.c in Sources */,
				342F6C27342F6C2700000028 /* uctxAssembly.S in Sources */,
				342F6C27342F6C270000002A /* uctxLib.c in Sources */,
				342F6C27342F6C270000002C /* urlLib.c in Sources */,
				342F6C27342F6C270000002E /* webLib.c in Sources */,
				342F6C27342F6C2700000030 /* websocketsLib.c in Sources */,
    			);
    			runOnlyForDeploymentPostprocessing = 0;
    		};
		342F6C27342F6C2700000084 /* password Sources */ = {
    			isa = PBXSourcesBuildPhase;
    			buildActionMask = 2147483647;
    			files = (
    				342F6C27342F6C2700000032 /* password.c in Sources */,
    			);
    			runOnlyForDeploymentPostprocessing = 0;
    		};
		342F6C27342F6C2700000088 /* webserver Sources */ = {
    			isa = PBXSourcesBuildPhase;
    			buildActionMask = 2147483647;
    			files = (
    				342F6C27342F6C2700000034 /* web.c in Sources */,
    			);
    			runOnlyForDeploymentPostprocessing = 0;
    		};
/* End PBXSourcesBuildPhase section */

/* Begin PBXTargetDependency section */
		342F6C27342F6C2700000077 /* PBXTargetDependency db depends on Prep */ = {
    			isa = PBXTargetDependency;
    			target = 342F6C27342F6C2700000010 /* Prep */;
    			targetProxy = 342F6C27342F6C270000003C /* PBXContainerItemProxy */;
    		};
		342F6C27342F6C2700000078 /* PBXTargetDependency db depends on libioto */ = {
    			isa = PBXTargetDependency;
    			target = 342F6C27342F6C270000003E /* libioto */;
    			targetProxy = 342F6C27342F6C270000003D /* PBXContainerItemProxy */;
    		};
		342F6C27342F6C270000007B /* PBXTargetDependency ioto depends on Prep */ = {
    			isa = PBXTargetDependency;
    			target = 342F6C27342F6C2700000010 /* Prep */;
    			targetProxy = 342F6C27342F6C270000003F /* PBXContainerItemProxy */;
    		};
		342F6C27342F6C270000007C /* PBXTargetDependency ioto depends on libioto */ = {
    			isa = PBXTargetDependency;
    			target = 342F6C27342F6C270000003E /* libioto */;
    			targetProxy = 342F6C27342F6C2700000040 /* PBXContainerItemProxy */;
    		};
		342F6C27342F6C270000007F /* PBXTargetDependency json depends on Prep */ = {
    			isa = PBXTargetDependency;
    			target = 342F6C27342F6C2700000010 /* Prep */;
    			targetProxy = 342F6C27342F6C2700000041 /* PBXContainerItemProxy */;
    		};
		342F6C27342F6C2700000080 /* PBXTargetDependency json depends on libioto */ = {
    			isa = PBXTargetDependency;
    			target = 342F6C27342F6C270000003E /* libioto */;
    			targetProxy = 342F6C27342F6C2700000042 /* PBXContainerItemProxy */;
    		};
		342F6C27342F6C2700000083 /* PBXTargetDependency libioto depends on Prep */ = {
    			isa = PBXTargetDependency;
    			target = 342F6C27342F6C2700000010 /* Prep */;
    			targetProxy = 342F6C27342F6C2700000043 /* PBXContainerItemProxy */;
    		};
		342F6C27342F6C2700000086 /* PBXTargetDependency password depends on Prep */ = {
    			isa = PBXTargetDependency;
    			target = 342F6C27342F6C2700000010 /* Prep */;
    			targetProxy = 342F6C27342F6C2700000044 /* PBXContainerItemProxy */;
    		};
		342F6C27342F6C2700000087 /* PBXTargetDependency password depends on libioto */ = {
    			isa = PBXTargetDependency;
    			target = 342F6C27342F6C270000003E /* libioto */;
    			targetProxy = 342F6C27342F6C2700000045 /* PBXContainerItemProxy */;
    		};
		342F6C27342F6C270000008A /* PBXTargetDependency webserver depends on Prep */ = {
    			isa = PBXTargetDependency;
    			target = 342F6C27342F6C2700000010 /* Prep */;
    			targetProxy = 342F6C27342F6C2700000046 /* PBXContainerItemProxy */;
    		};
		342F6C27342F6C270000008B /* PBXTargetDependency webserver depends on libioto */ = {
    			isa = PBXTargetDependency;
    			target = 342F6C27342F6C270000003E /* libioto */;
    			targetProxy = 342F6C27342F6C2700000047 /* PBXContainerItemProxy */;
    		};
		342F6C27342F6C270000000E /* PBXTargetDependency All depends on Prep */ = {
    			isa = PBXTargetDependency;
    			target = 342F6C27342F6C2700000010 /* Prep */;
    			targetProxy = 342F6C27342F6C2700000048 /* PBXContainerItemProxy */;
    		};
		342F6C27342F6C270000000A /* PBXTargetDependency All depends on libioto */ = {
    			isa = PBXTargetDependency;
    			target = 342F6C27342F6C270000003E /* libioto */;
    			targetProxy = 342F6C27342F6C2700000049 /* PBXContainerItemProxy */;
    		};
		342F6C27342F6C2700000007 /* PBXTargetDependency All depends on db */ = {
    			isa = PBXTargetDependency;
    			target = 342F6C27342F6C270000004B /* db */;
    			targetProxy = 342F6C27342F6C270000004A /* PBXContainerItemProxy */;
    		};
		342F6C27342F6C2700000008 /* PBXTargetDependency All depends on ioto */ = {
    			isa = PBXTargetDependency;
    			target = 342F6C27342F6C270000004D /* ioto */;
    			targetProxy = 342F6C27342F6C270000004C /* PBXContainerItemProxy */;
    		};
		342F6C27342F6C2700000009 /* PBXTargetDependency All depends on json */ = {
    			isa = PBXTargetDependency;
    			target = 342F6C27342F6C270000004F /* json */;
    			targetProxy = 342F6C27342F6C270000004E /* PBXContainerItemProxy */;
    		};
		342F6C27342F6C270000000B /* PBXTargetDependency All depends on password */ = {
    			isa = PBXTargetDependency;
    			target = 342F6C27342F6C2700000051 /* password */;
    			targetProxy = 342F6C27342F6C2700000050 /* PBXContainerItemProxy */;
    		};
		342F6C27342F6C270000000C /* PBXTargetDependency All depends on webserver */ = {
    			isa = PBXTargetDependency;
    			target = 342F6C27342F6C2700000053 /* webserver */;
    			targetProxy = 342F6C27342F6C2700000052 /* PBXContainerItemProxy */;
    		};
/* End PBXTargetDependency section */

    /* Begin XCBuildConfiguration section */
    		342F6C27342F6C2700000003 /* Debug */ = {
    			isa = XCBuildConfiguration;
    			buildSettings = {
    ME_DEBUG = "1";
ME_COM_OPENSSL_PATH = "/opt/homebrew";

                    /* Common Settings */
                    COMBINE_HIDPI_IMAGES = YES;
    				ALWAYS_SEARCH_USER_PATHS = NO;
                    ONLY_ACTIVE_ARCH = YES;
                    CURRENT_PROJECT_VERSION = 2.7;
                    DYLIB_COMPATIBILITY_VERSION = "$(CURRENT_PROJECT_VERSION)";
                    DYLIB_CURRENT_VERSION = "$(CURRENT_PROJECT_VERSION)";

    				GCC_C_LANGUAGE_STANDARD = gnu99;
    				GCC_VERSION = com.apple.compilers.llvm.clang.1_0;
    				GCC_WARN_ABOUT_RETURN_TYPE = YES;

GCC_NO_COMMON_BLOCKS = YES;
GCC_WARN_64_TO_32_BIT_CONVERSION = YES;
GCC_WARN_UNDECLARED_SELECTOR = YES;
CLANG_WARN_BOOL_CONVERSION = YES;
CLANG_WARN_CONSTANT_CONVERSION = YES;
CLANG_WARN_EMPTY_BODY = YES;
CLANG_WARN_ENUM_CONVERSION = YES;
CLANG_WARN_INT_CONVERSION = YES;
CLANG_WARN_UNREACHABLE_CODE = YES;
CLANG_WARN__DUPLICATE_METHOD_MATCH = YES;
ENABLE_STRICT_OBJC_MSGSEND = YES;
ENABLE_TESTABILITY = YES;

                    LD_DYLIB_INSTALL_NAME = "@rpath/$(EXECUTABLE_PATH)";
    				MACOSX_DEPLOYMENT_TARGET = 10.15;
    				SDKROOT = macosx;

                    OUT_DIR = "../build/macosx-arm64-default";
                    BIN_DIR = "../build/macosx-arm64-default/bin";
                    LIB_DIR = "../lib";
                    INC_DIR = "../build/macosx-arm64-default/inc";
                    OBJ_DIR = "../build/macosx-arm64-default/obj";
                    SRC_DIR = "../src";

                    CONFIGURATION_TEMP_DIR = "$(OBJ_DIR)/ioto-xcode/$(CONFIGURATION)";
                    CONFIGURATION_BUILD_DIR = "$(BIN_DIR)";
                    INSTALL_PATH = "/usr/lib/ioto";
                    DSTROOT = "/tmp/ioto.dst";
                    OBJROOT = "$(OBJ_DIR)";
                    SYMROOT = "$(BIN_DIR)";
    				GCC_WARN_64_TO_32_ME_CONVERSION = YES;
				GCC_WARN_64_TO_32_ME_CONVERSION = YES;
				GCC_WARN_UNUSED_VARIABLE = NO;
				GCC_WARN_UNUSED_FUNCTION = NO;
				GCC_WARN_UNUSED_LABEL = NO;
				GCC_WARN_64_TO_32_ME_CONVERSION = YES;
				GCC_WARN_64_TO_32_ME_CONVERSION = YES;
				GCC_WARN_UNUSED_VARIABLE = NO;
				GCC_WARN_UNUSED_FUNCTION = NO;
				GCC_WARN_UNUSED_LABEL = NO;

                    /* Debug Settings */
    				COPY_PHASE_STRIP = NO;
    				GCC_OPTIMIZATION_LEVEL = 0;
    				GCC_SYMBOLS_PRIVATE_EXTERN = NO;
    				HEADER_SEARCH_PATHS = (
					"../build/macosx-arm64-default/inc",
					"$(inherited)"
				);
				GCC_PREPROCESSOR_DEFINITIONS = (
					"ME_DEBUG=1",
					"$(inherited)"
				);
				LIBRARY_SEARCH_PATHS = (
					"../build/macosx-arm64-default/bin",
					"$(inherited)"
				);
				OTHER_LDFLAGS = (
					"-Wl,-no_warn_duplicate_libraries",
					"-Wl,-rpath,@executable_path/",
					"-Wl,-rpath,@loader_path/",
					"-ldl",
					"-lpthread",
					"-lm",
					"$(inherited)"
				);

    			};
    			name = Debug;
    		};
    		342F6C27342F6C2700000004 /* Release */ = {
    			isa = XCBuildConfiguration;
    			buildSettings = {
    ME_DEBUG = "1";
ME_COM_OPENSSL_PATH = "/opt/homebrew";

                    /* Common Settings */
                    COMBINE_HIDPI_IMAGES = YES;
    				ALWAYS_SEARCH_USER_PATHS = NO;
                    ONLY_ACTIVE_ARCH = YES;
                    CURRENT_PROJECT_VERSION = 2.7;
                    DYLIB_COMPATIBILITY_VERSION = "$(CURRENT_PROJECT_VERSION)";
                    DYLIB_CURRENT_VERSION = "$(CURRENT_PROJECT_VERSION)";

    				GCC_C_LANGUAGE_STANDARD = gnu99;
    				GCC_VERSION = com.apple.compilers.llvm.clang.1_0;
    				GCC_WARN_ABOUT_RETURN_TYPE = YES;

GCC_NO_COMMON_BLOCKS = YES;
GCC_WARN_64_TO_32_BIT_CONVERSION = YES;
GCC_WARN_UNDECLARED_SELECTOR = YES;
CLANG_WARN_BOOL_CONVERSION = YES;
CLANG_WARN_CONSTANT_CONVERSION = YES;
CLANG_WARN_EMPTY_BODY = YES;
CLANG_WARN_ENUM_CONVERSION = YES;
CLANG_WARN_INT_CONVERSION = YES;
CLANG_WARN_UNREACHABLE_CODE = YES;
CLANG_WARN__DUPLICATE_METHOD_MATCH = YES;
ENABLE_STRICT_OBJC_MSGSEND = YES;
ENABLE_TESTABILITY = YES;

                    LD_DYLIB_INSTALL_NAME = "@rpath/$(EXECUTABLE_PATH)";
    				MACOSX_DEPLOYMENT_TARGET = 10.15;
    				SDKROOT = macosx;

                    OUT_DIR = "../build/macosx-arm64-default";
                    BIN_DIR = "../build/macosx-arm64-default/bin";
                    LIB_DIR = "../lib";
                    INC_DIR = "../build/macosx-arm64-default/inc";
                    OBJ_DIR = "../build/macosx-arm64-default/obj";
                    SRC_DIR = "../src";

                    CONFIGURATION_TEMP_DIR = "$(OBJ_DIR)/ioto-xcode/$(CONFIGURATION)";
                    CONFIGURATION_BUILD_DIR = "$(BIN_DIR)";
                    INSTALL_PATH = "/usr/lib/ioto";
                    DSTROOT = "/tmp/ioto.dst";
                    OBJROOT = "$(OBJ_DIR)";
                    SYMROOT = "$(BIN_DIR)";
    				GCC_WARN_64_TO_32_ME_CONVERSION = YES;
				GCC_WARN_64_TO_32_ME_CONVERSION = YES;
				GCC_WARN_UNUSED_VARIABLE = NO;
				GCC_WARN_UNUSED_FUNCTION = NO;
				GCC_WARN_UNUSED_LABEL = NO;
				GCC_WARN_64_TO_32_ME_CONVERSION = YES;
				GCC_WARN_64_TO_32_ME_CONVERSION = YES;
				GCC_WARN_UNUSED_VARIABLE = NO;
				GCC_WARN_UNUSED_FUNCTION = NO;
				GCC_WARN_UNUSED_LABEL = NO;

                    /* Release Settings */
    				COPY_PHASE_STRIP = YES;
    				DEBUG_INFORMATION_FORMAT = "dwarf-with-dsym";
    				GCC_OPTIMIZATION_LEVEL = s;
                    GCC_WARN_UNINITIALIZED_AUTOS = NO;
    				HEADER_SEARCH_PATHS = (
					"../build/macosx-arm64-default/inc",
					"$(inherited)"
				);
				GCC_PREPROCESSOR_DEFINITIONS = (
					"ME_DEBUG=0",
					"$(inherited)"
				);
				LIBRARY_SEARCH_PATHS = (
					"../build/macosx-arm64-default/bin",
					"$(inherited)"
				);
				OTHER_LDFLAGS = (
					"-Wl,-no_warn_duplicate_libraries",
					"-Wl,-rpath,@executable_path/",
					"-Wl,-rpath,@loader_path/",
					"-ldl",
					"-lpthread",
					"-lm",
					"$(inherited)"
				);

    			};
    			name = Release;
    		};
		342F6C27342F6C270000008C /* Debug */ = {
    			isa = XCBuildConfiguration;
    			buildSettings = {
    				PRODUCT_NAME = db;
    
    				HEADER_SEARCH_PATHS = (
					"$(ME_COM_OPENSSL_PATH)/include",
					"$(inherited)"
				);
				GCC_PREPROCESSOR_DEFINITIONS = (
					"ME_COM_OPENSSL_PATH=/opt/homebrew",
					"ME_DEBUG=1",
					"$(inherited)"
				);
				LIBRARY_SEARCH_PATHS = (
					"$(ME_COM_OPENSSL_PATH)/lib",
					"$(ME_COM_OPENSSL_PATH)",
					"$(inherited)"
				);
				OTHER_LDFLAGS = (
					"-lssl",
					"-lcrypto",
					);

				MACH_O_TYPE = mh_execute;

    			};
    			name = Debug;
    		};
    		342F6C27342F6C270000008D /* Release */ = {
    			isa = XCBuildConfiguration;
    			buildSettings = {
    				PRODUCT_NAME = db;
    
    				HEADER_SEARCH_PATHS = (
					"$(ME_COM_OPENSSL_PATH)/include",
					"$(inherited)"
				);
				GCC_PREPROCESSOR_DEFINITIONS = (
					"ME_COM_OPENSSL_PATH=/opt/homebrew",
					"ME_DEBUG=0",
					"$(inherited)"
				);
				LIBRARY_SEARCH_PATHS = (
					"$(ME_COM_OPENSSL_PATH)/lib",
					"$(ME_COM_OPENSSL_PATH)",
					"$(inherited)"
				);
				OTHER_LDFLAGS = (
					"-lssl",
					"-lcrypto",
					);

				MACH_O_TYPE = mh_execute;

    			};
    			name = Release;
    		};
		342F6C27342F6C270000008E /* Debug */ = {
    			isa = XCBuildConfiguration;
    			buildSettings = {
    				PRODUCT_NAME = ioto;
    
    				HEADER_SEARCH_PATHS = (
					"$(ME_COM_OPENSSL_PATH)/include",
					"$(inherited)"
				);
				GCC_PREPROCESSOR_DEFINITIONS = (
					"ME_COM_OPENSSL_PATH=/opt/homebrew",
					"ME_DEBUG=1",
					"$(inherited)"
				);
				LIBRARY_SEARCH_PATHS = (
					"$(ME_COM_OPENSSL_PATH)/lib",
					"$(ME_COM_OPENSSL_PATH)",
					"$(inherited)"
				);
				OTHER_LDFLAGS = (
					"-lssl",
					"-lcrypto",
					);

				MACH_O_TYPE = mh_execute;

    			};
    			name = Debug;
    		};
    		342F6C27342F6C270000008F /* Release */ = {
    			isa = XCBuildConfiguration;
    			buildSettings = {
    				PRODUCT_NAME = ioto;
    
    				HEADER_SEARCH_PATHS = (
					"$(ME_COM_OPENSSL_PATH)/include",
					"$(inherited)"
				);
				GCC_PREPROCESSOR_DEFINITIONS = (
					"ME_COM_OPENSSL_PATH=/opt/homebrew",
					"ME_DEBUG=0",
					"$(inherited)"
				);
				LIBRARY_SEARCH_PATHS = (
					"$(ME_COM_OPENSSL_PATH)/lib",
					"$(ME_COM_OPENSSL_PATH)",
					"$(inherited)"
				);
				OTHER_LDFLAGS = (
					"-lssl",
					"-lcrypto",
					);

				MACH_O_TYPE = mh_execute;

    			};
    			name = Release;
    		};
		342F6C27342F6C2700000090 /* Debug */ = {
    			isa = XCBuildConfiguration;
    			buildSettings = {
    				PRODUCT_NAME = json;
    
    				HEADER_SEARCH_PATHS = (
					"$(ME_COM_OPENSSL_PATH)/include",
					"$(inherited)"
				);
				GCC_PREPROCESSOR_DEFINITIONS = (
					"ME_COM_OPENSSL_PATH=/opt/homebrew",
					"ME_DEBUG=1",
					"$(inherited)"
				);
				LIBRARY_SEARCH_PATHS = (
					"$(ME_COM_OPENSSL_PATH)/lib",
					"$(ME_COM_OPENSSL_PATH)",
					"$(inherited)"
				);
				OTHER_LDFLAGS = (
					"-lssl",
					"-lcrypto",
					);

				MACH_O_TYPE = mh_execute;

    			};
    			name = Debug;
    		};
    		342F6C27342F6C2700000091 /* Release */ = {
    			isa = XCBuildConfiguration;
    			buildSettings = {
    				PRODUCT_NAME = json;
    
    				HEADER_SEARCH_PATHS = (
					"$(ME_COM_OPENSSL_PATH)/include",
					"$(inherited)"
				);
				GCC_PREPROCESSOR_DEFINITIONS = (
					"ME_COM_OPENSSL_PATH=/opt/homebrew",
					"ME_DEBUG=0",
					"$(inherited)"
				);
				LIBRARY_SEARCH_PATHS = (
					"$(ME_COM_OPENSSL_PATH)/lib",
					"$(ME_COM_OPENSSL_PATH)",
					"$(inherited)"
				);
				OTHER_LDFLAGS = (
					"-lssl",
					"-lcrypto",
					);

				MACH_O_TYPE = mh_execute;

    			};
    			name = Release;
    		};
		342F6C27342F6C2700000092 /* Debug */ = {
    			isa = XCBuildConfiguration;
    			buildSettings = {
    				PRODUCT_NAME = libioto;
    				EXECUTABLE_EXTENSION = a;

    				HEADER_SEARCH_PATHS = (
					"$(ME_COM_OPENSSL_PATH)/include",
					"$(inherited)"
				);
				GCC_PREPROCESSOR_DEFINITIONS = (
					"ME_COM_OPENSSL_PATH=/opt/homebrew",
					"ME_DEBUG=1",
					"$(inherited)"
				);
				LIBRARY_SEARCH_PATHS = (
					"$(ME_COM_OPENSSL_PATH)/lib",
					"$(ME_COM_OPENSSL_PATH)",
					"$(inherited)"
				);
				OTHER_LDFLAGS = (
					"",
					"",
					);

				MACH_O_TYPE = staticlib;

    			};
    			name = Debug;
    		};
    		342F6C27342F6C2700000093 /* Release */ = {
    			isa = XCBuildConfiguration;
    			buildSettings = {
    				PRODUCT_NAME = libioto;
    				EXECUTABLE_EXTENSION = a;

    				HEADER_SEARCH_PATHS = (
					"$(ME_COM_OPENSSL_PATH)/include",
					"$(inherited)"
				);
				GCC_PREPROCESSOR_DEFINITIONS = (
					"ME_COM_OPENSSL_PATH=/opt/homebrew",
					"ME_DEBUG=0",
					"$(inherited)"
				);
				LIBRARY_SEARCH_PATHS = (
					"$(ME_COM_OPENSSL_PATH)/lib",
					"$(ME_COM_OPENSSL_PATH)",
					"$(inherited)"
				);
				OTHER_LDFLAGS = (
					"",
					"",
					);

				MACH_O_TYPE = staticlib;

    			};
    			name = Release;
    		};
		342F6C27342F6C2700000094 /* Debug */ = {
    			isa = XCBuildConfiguration;
    			buildSettings = {
    				PRODUCT_NAME = password;
    
    				HEADER_SEARCH_PATHS = (
					"$(ME_COM_OPENSSL_PATH)/include",
					"$(inherited)"
				);
				GCC_PREPROCESSOR_DEFINITIONS = (
					"ME_COM_OPENSSL_PATH=/opt/homebrew",
					"ME_DEBUG=1",
					"$(inherited)"
				);
				LIBRARY_SEARCH_PATHS = (
					"$(ME_COM_OPENSSL_PATH)/lib",
					"$(ME_COM_OPENSSL_PATH)",
					"$(inherited)"
				);
				OTHER_LDFLAGS = (
					"-lssl",
					"-lcrypto",
					);

				MACH_O_TYPE = mh_execute;

    			};
    			name = Debug;
    		};
    		342F6C27342F6C2700000095 /* Release */ = {
    			isa = XCBuildConfiguration;
    			buildSettings = {
    				PRODUCT_NAME = password;
    
    				HEADER_SEARCH_PATHS = (
					"$(ME_COM_OPENSSL_PATH)/include",
					"$(inherited)"
				);
				GCC_PREPROCESSOR_DEFINITIONS = (
					"ME_COM_OPENSSL_PATH=/opt/homebrew",
					"ME_DEBUG=0",
					"$(inherited)"
				);
				LIBRARY_SEARCH_PATHS = (
					"$(ME_COM_OPENSSL_PATH)/lib",
					"$(ME_COM_OPENSSL_PATH)",
					"$(inherited)"
				);
				OTHER_LDFLAGS = (
					"-lssl",
					"-lcrypto",
					);

				MACH_O_TYPE = mh_execute;

    			};
    			name = Release;
    		};
		342F6C27342F6C2700000096 /* Debug */ = {
    			isa = XCBuildConfiguration;
    			buildSettings = {
    				PRODUCT_NAME = webserver;
    
    				HEADER_SEARCH_PATHS = (
					"$(ME_COM_OPENSSL_PATH)/include",
					"$(inherited)"
				);
				GCC_PREPROCESSOR_DEFINITIONS = (
					"ME_COM_OPENSSL_PATH=/opt/homebrew",
					"ME_DEBUG=1",
					"$(inherited)"
				);
				LIBRARY_SEARCH_PATHS = (
					"$(ME_COM_OPENSSL_PATH)/lib",
					"$(ME_COM_OPENSSL_PATH)",
					"$(inherited)"
				);
				OTHER_LDFLAGS = (
					"-lssl",
					"-lcrypto",
					);

				MACH_O_TYPE = mh_execute;

    			};
    			name = Debug;
    		};
    		342F6C27342F6C2700000097 /* Release */ = {
    			isa = XCBuildConfiguration;
    			buildSettings = {
    				PRODUCT_NAME = webserver;
    
    				HEADER_SEARCH_PATHS = (
					"$(ME_COM_OPENSSL_PATH)/include",
					"$(inherited)"
				);
				GCC_PREPROCESSOR_DEFINITIONS = (
					"ME_COM_OPENSSL_PATH=/opt/homebrew",
					"ME_DEBUG=0",
					"$(inherited)"
				);
				LIBRARY_SEARCH_PATHS = (
					"$(ME_COM_OPENSSL_PATH)/lib",
					"$(ME_COM_OPENSSL_PATH)",
					"$(inherited)"
				);
				OTHER_LDFLAGS = (
					"-lssl",
					"-lcrypto",
					);

				MACH_O_TYPE = mh_execute;

    			};
    			name = Release;
    		};
		342F6C27342F6C2700000098 /* Debug */ = {
    			isa = XCBuildConfiguration;
    			buildSettings = {
    				PRODUCT_NAME = All;
    
    				GCC_PREPROCESSOR_DEFINITIONS = (
					"ME_DEBUG=1",
					"$(inherited)"
				);
				OTHER_LDFLAGS = ();

				MACH_O_TYPE = mh_execute;

    			};
    			name = Debug;
    		};
    		342F6C27342F6C2700000099 /* Release */ = {
    			isa = XCBuildConfiguration;
    			buildSettings = {
    				PRODUCT_NAME = All;
    
    				GCC_PREPROCESSOR_DEFINITIONS = (
					"ME_DEBUG=0",
					"$(inherited)"
				);
				OTHER_LDFLAGS = ();

				MACH_O_TYPE = mh_execute;

    			};
    			name = Release;
    		};
		342F6C27342F6C270000009A /* Debug */ = {
    			isa = XCBuildConfiguration;
    			buildSettings = {
    				PRODUCT_NAME = Prep;
    
    				GCC_PREPROCESSOR_DEFINITIONS = (
					"ME_DEBUG=1",
					"$(inherited)"
				);
				OTHER_LDFLAGS = ();

				MACH_O_TYPE = mh_execute;

    			};
    			name = Debug;
    		};
    		342F6C27342F6C270000009B /* Release */ = {
    			isa = XCBuildConfiguration;
    			buildSettings = {
    				PRODUCT_NAME = Prep;
    
    				GCC_PREPROCESSOR_DEFINITIONS = (
					"ME_DEBUG=0",
					"$(inherited)"
				);
				OTHER_LDFLAGS = ();

				MACH_O_TYPE = mh_execute;

    			};
    			name = Release;
    		};
/* End XCBuildConfiguration section */

    /* Begin XCConfigurationList section */
    		342F6C27342F6C2700000002 /* Build configuration list for PBXProject "ioto" */ = {
    			isa = XCConfigurationList;
    			buildConfigurations = (
    				342F6C27342F6C2700000003 /* Debug */,
    				342F6C27342F6C2700000004 /* Release */,
    			);
    			defaultConfigurationIsVisible = 0;
    			defaultConfigurationName = Release;
    		};
		342F6C27342F6C2700000076 /* Build configuration list for PBXNativeTarget "db" */ = {
    			isa = XCConfigurationList;
    			buildConfigurations = (
    				342F6C27342F6C270000008C /* Debug */,
    				342F6C27342F6C270000008D /* Release */,
    			);
    			defaultConfigurationIsVisible = 0;
    			defaultConfigurationName = Release;
    		};
		342F6C27342F6C270000007A /* Build configuration list for PBXNativeTarget "ioto" */ = {
    			isa = XCConfigurationList;
    			buildConfigurations = (
    				342F6C27342F6C270000008E /* Debug */,
    				342F6C27342F6C270000008F /* Release */,
    			);
    			defaultConfigurationIsVisible = 0;
    			defaultConfigurationName = Release;
    		};
		342F6C27342F6C270000007E /* Build configuration list for PBXNativeTarget "json" */ = {
    			isa = XCConfigurationList;
    			buildConfigurations = (
    				342F6C27342F6C2700000090 /* Debug */,
    				342F6C27342F6C2700000091 /* Release */,
    			);
    			defaultConfigurationIsVisible = 0;
    			defaultConfigurationName = Release;
    		};
		342F6C27342F6C2700000082 /* Build configuration list for PBXNativeTarget "libioto" */ = {
    			isa = XCConfigurationList;
    			buildConfigurations = (
    				342F6C27342F6C2700000092 /* Debug */,
    				342F6C27342F6C2700000093 /* Release */,
    			);
    			defaultConfigurationIsVisible = 0;
    			defaultConfigurationName = Release;
    		};
		342F6C27342F6C2700000085 /* Build configuration list for PBXNativeTarget "password" */ = {
    			isa = XCConfigurationList;
    			buildConfigurations = (
    				342F6C27342F6C2700000094 /* Debug */,
    				342F6C27342F6C2700000095 /* Release */,
    			);
    			defaultConfigurationIsVisible = 0;
    			defaultConfigurationName = Release;
    		};
		342F6C27342F6C2700000089 /* Build configuration list for PBXNativeTarget "webserver" */ = {
    			isa = XCConfigurationList;
    			buildConfigurations = (
    				342F6C27342F6C2700000096 /* Debug */,
    				342F6C27342F6C2700000097 /* Release */,
    			);
    			defaultConfigurationIsVisible = 0;
    			defaultConfigurationName = Release;
    		};
		342F6C27342F6C2700000005 /* Build configuration list for PBXNativeTarget "All" */ = {
    			isa = XCConfigurationList;
    			buildConfigurations = (
    				342F6C27342F6C2700000098 /* Debug */,
    				342F6C27342F6C2700000099 /* Release */,
    			);
    			defaultConfigurationIsVisible = 0;
    			defaultConfigurationName = Release;
    		};
		342F6C27342F6C270000000F /* Build configuration list for PBXNativeTarget "Prep" */ = {
    			isa = XCConfigurationList;
    			buildConfigurations = (
    				342F6C27342F6C270000009A /* Debug */,
    				342F6C27342F6C270000009B /* Release */,
    			);
    			defaultConfigurationIsVisible = 0;
    			defaultConfigurationName = Release;
    		};
/* End XCConfigurationList section */
	};
	rootObject = 342F6C27342F6C2700000001 /* Project object */;
}
