
Microsoft Visual Studio Solution File, Format Version 12.00
# Visual Studio Version 17
Project("{8BC9CEB8-8B4A-11D0-8D11-00A0C91BC942}") = "ioto-unit", "ioto-unit.vcxproj", "{CDAF7211-391A-2788-8258-D82DEE0105DD}"
EndProject
Global
	GlobalSection(SolutionConfigurationPlatforms) = preSolution
		debug|windows = debug|windows
		release|windows = release|windows
	EndGlobalSection
	GlobalSection(ProjectConfigurationPlatforms) = postSolution
		{CDAF7211-391A-2788-8258-D82DEE0105DD}.debug|windows.ActiveCfg = debug windows|x64
		{CDAF7211-391A-2788-8258-D82DEE0105DD}.debug|windows.Build.0 = debug windows|x64
		{CDAF7211-391A-2788-8258-D82DEE0105DD}.release|windows.ActiveCfg = release windows|x64
		{CDAF7211-391A-2788-8258-D82DEE0105DD}.release|windows.Build.0 = release windows|x64
	EndGlobalSection
	GlobalSection(SolutionProperties) = preSolution
		HideSolutionNode = FALSE
	EndGlobalSection
EndGlobal
